// !$*UTF8*$!
{
	archiveVersion = 1;
	classes = {
	};
	objectVersion = 55;
	objects = {

/* Begin PBXBuildFile section */
		0F8E1DCF284F7E2D00903263 /* RxCocoa in Frameworks */ = {isa = PBXBuildFile; productRef = 0F8E1DCE284F7E2D00903263 /* RxCocoa */; };
		0F8E1DD1284F7E2D00903263 /* RxRelay in Frameworks */ = {isa = PBXBuildFile; productRef = 0F8E1DD0284F7E2D00903263 /* RxRelay */; };
		0F8E1DD3284F7E2D00903263 /* RxSwift in Frameworks */ = {isa = PBXBuildFile; productRef = 0F8E1DD2284F7E2D00903263 /* RxSwift */; };
		0F8E1DD6284F7E5C00903263 /* Kingfisher in Frameworks */ = {isa = PBXBuildFile; productRef = 0F8E1DD5284F7E5C00903263 /* Kingfisher */; };
		0F8E1DD9284F7E7B00903263 /* SnapKit in Frameworks */ = {isa = PBXBuildFile; productRef = 0F8E1DD8284F7E7B00903263 /* SnapKit */; };
		0F8E1DDB284F7EAE00903263 /* MainViewController.swift in Sources */ = {isa = PBXBuildFile; fileRef = 0F8E1DDA284F7EAE00903263 /* MainViewController.swift */; };
		0F8E1DDD284F7FAF00903263 /* SearchBar.swift in Sources */ = {isa = PBXBuildFile; fileRef = 0F8E1DDC284F7FAF00903263 /* SearchBar.swift */; };
		0F8E1DDF284F9E1600903263 /* FilterView.swift in Sources */ = {isa = PBXBuildFile; fileRef = 0F8E1DDE284F9E1600903263 /* FilterView.swift */; };
		0FA1DAAE28523AD200CA0D47 /* AlertActionConvertable.swift in Sources */ = {isa = PBXBuildFile; fileRef = 0FA1DAAD28523AD200CA0D47 /* AlertActionConvertable.swift */; };
		0FA1DAB0285246D800CA0D47 /* DKBlog.swift in Sources */ = {isa = PBXBuildFile; fileRef = 0FA1DAAF285246D800CA0D47 /* DKBlog.swift */; };
		0FE570DE2851BB4C0080F168 /* BlogListView.swift in Sources */ = {isa = PBXBuildFile; fileRef = 0FE570DD2851BB4C0080F168 /* BlogListView.swift */; };
		0FE570E02851BB5C0080F168 /* BlogListCell.swift in Sources */ = {isa = PBXBuildFile; fileRef = 0FE570DF2851BB5C0080F168 /* BlogListCell.swift */; };
		0FE570E22851BB640080F168 /* BlogListCellData.swift in Sources */ = {isa = PBXBuildFile; fileRef = 0FE570E12851BB640080F168 /* BlogListCellData.swift */; };
		0FEDE947284E21D600FFB648 /* AppDelegate.swift in Sources */ = {isa = PBXBuildFile; fileRef = 0FEDE946284E21D600FFB648 /* AppDelegate.swift */; };
		0FEDE949284E21D600FFB648 /* SceneDelegate.swift in Sources */ = {isa = PBXBuildFile; fileRef = 0FEDE948284E21D600FFB648 /* SceneDelegate.swift */; };
		0FEDE94E284E21D600FFB648 /* Main.storyboard in Resources */ = {isa = PBXBuildFile; fileRef = 0FEDE94C284E21D600FFB648 /* Main.storyboard */; };
		0FEDE950284E21D700FFB648 /* Assets.xcassets in Resources */ = {isa = PBXBuildFile; fileRef = 0FEDE94F284E21D700FFB648 /* Assets.xcassets */; };
		0FEDE953284E21D700FFB648 /* LaunchScreen.storyboard in Resources */ = {isa = PBXBuildFile; fileRef = 0FEDE951284E21D700FFB648 /* LaunchScreen.storyboard */; };
/* End PBXBuildFile section */

/* Begin PBXFileReference section */
		0F8E1DDA284F7EAE00903263 /* MainViewController.swift */ = {isa = PBXFileReference; lastKnownFileType = sourcecode.swift; path = MainViewController.swift; sourceTree = "<group>"; };
		0F8E1DDC284F7FAF00903263 /* SearchBar.swift */ = {isa = PBXFileReference; lastKnownFileType = sourcecode.swift; path = SearchBar.swift; sourceTree = "<group>"; };
		0F8E1DDE284F9E1600903263 /* FilterView.swift */ = {isa = PBXFileReference; lastKnownFileType = sourcecode.swift; path = FilterView.swift; sourceTree = "<group>"; };
		0FA1DAAD28523AD200CA0D47 /* AlertActionConvertable.swift */ = {isa = PBXFileReference; lastKnownFileType = sourcecode.swift; path = AlertActionConvertable.swift; sourceTree = "<group>"; };
		0FA1DAAF285246D800CA0D47 /* DKBlog.swift */ = {isa = PBXFileReference; lastKnownFileType = sourcecode.swift; path = DKBlog.swift; sourceTree = "<group>"; };
		0FE570DD2851BB4C0080F168 /* BlogListView.swift */ = {isa = PBXFileReference; lastKnownFileType = sourcecode.swift; path = BlogListView.swift; sourceTree = "<group>"; };
		0FE570DF2851BB5C0080F168 /* BlogListCell.swift */ = {isa = PBXFileReference; lastKnownFileType = sourcecode.swift; path = BlogListCell.swift; sourceTree = "<group>"; };
		0FE570E12851BB640080F168 /* BlogListCellData.swift */ = {isa = PBXFileReference; lastKnownFileType = sourcecode.swift; path = BlogListCellData.swift; sourceTree = "<group>"; };
		0FEDE943284E21D600FFB648 /* RemakeSearchDaumBlog2.app */ = {isa = PBXFileReference; explicitFileType = wrapper.application; includeInIndex = 0; path = RemakeSearchDaumBlog2.app; sourceTree = BUILT_PRODUCTS_DIR; };
		0FEDE946284E21D600FFB648 /* AppDelegate.swift */ = {isa = PBXFileReference; lastKnownFileType = sourcecode.swift; path = AppDelegate.swift; sourceTree = "<group>"; };
		0FEDE948284E21D600FFB648 /* SceneDelegate.swift */ = {isa = PBXFileReference; lastKnownFileType = sourcecode.swift; path = SceneDelegate.swift; sourceTree = "<group>"; };
		0FEDE94D284E21D600FFB648 /* Base */ = {isa = PBXFileReference; lastKnownFileType = file.storyboard; name = Base; path = Base.lproj/Main.storyboard; sourceTree = "<group>"; };
		0FEDE94F284E21D700FFB648 /* Assets.xcassets */ = {isa = PBXFileReference; lastKnownFileType = folder.assetcatalog; path = Assets.xcassets; sourceTree = "<group>"; };
		0FEDE952284E21D700FFB648 /* Base */ = {isa = PBXFileReference; lastKnownFileType = file.storyboard; name = Base; path = Base.lproj/LaunchScreen.storyboard; sourceTree = "<group>"; };
		0FEDE954284E21D700FFB648 /* Info.plist */ = {isa = PBXFileReference; lastKnownFileType = text.plist.xml; path = Info.plist; sourceTree = "<group>"; };
/* End PBXFileReference section */

/* Begin PBXFrameworksBuildPhase section */
		0FEDE940284E21D600FFB648 /* Frameworks */ = {
			isa = PBXFrameworksBuildPhase;
			buildActionMask = 2147483647;
			files = (
				0F8E1DD6284F7E5C00903263 /* Kingfisher in Frameworks */,
				0F8E1DD3284F7E2D00903263 /* RxSwift in Frameworks */,
				0F8E1DD1284F7E2D00903263 /* RxRelay in Frameworks */,
				0F8E1DCF284F7E2D00903263 /* RxCocoa in Frameworks */,
				0F8E1DD9284F7E7B00903263 /* SnapKit in Frameworks */,
			);
			runOnlyForDeploymentPostprocessing = 0;
		};
/* End PBXFrameworksBuildPhase section */

/* Begin PBXGroup section */
		0FA1DAA7285239AA00CA0D47 /* MainViewController */ = {
			isa = PBXGroup;
			children = (
				0F8E1DDA284F7EAE00903263 /* MainViewController.swift */,
				0FA1DAA8285239B200CA0D47 /* SubComponents */,
			);
			path = MainViewController;
			sourceTree = "<group>";
		};
		0FA1DAA8285239B200CA0D47 /* SubComponents */ = {
			isa = PBXGroup;
			children = (
				0FA1DAA9285239D900CA0D47 /* SearchBar */,
				0FA1DAAB285239F000CA0D47 /* BlogListView */,
			);
			path = SubComponents;
			sourceTree = "<group>";
		};
		0FA1DAA9285239D900CA0D47 /* SearchBar */ = {
			isa = PBXGroup;
			children = (
				0F8E1DDC284F7FAF00903263 /* SearchBar.swift */,
			);
			path = SearchBar;
			sourceTree = "<group>";
		};
		0FA1DAAB285239F000CA0D47 /* BlogListView */ = {
			isa = PBXGroup;
			children = (
				0FE570DD2851BB4C0080F168 /* BlogListView.swift */,
				0FA1DAAC28523A0400CA0D47 /* SubComponents */,
			);
			path = BlogListView;
			sourceTree = "<group>";
		};
		0FA1DAAC28523A0400CA0D47 /* SubComponents */ = {
			isa = PBXGroup;
			children = (
				0F8E1DDE284F9E1600903263 /* FilterView.swift */,
				0FE570DF2851BB5C0080F168 /* BlogListCell.swift */,
			);
			path = SubComponents;
			sourceTree = "<group>";
		};
		0FE570E32851BB720080F168 /* Presentation */ = {
			isa = PBXGroup;
			children = (
				0FA1DAA7285239AA00CA0D47 /* MainViewController */,
			);
			path = Presentation;
			sourceTree = "<group>";
		};
		0FE570E42851BB7E0080F168 /* Entity */ = {
			isa = PBXGroup;
			children = (
				0FE570E12851BB640080F168 /* BlogListCellData.swift */,
				0FA1DAAD28523AD200CA0D47 /* AlertActionConvertable.swift */,
				0FA1DAAF285246D800CA0D47 /* DKBlog.swift */,
			);
			path = Entity;
			sourceTree = "<group>";
		};
		0FEDE93A284E21D600FFB648 = {
			isa = PBXGroup;
			children = (
				0FEDE945284E21D600FFB648 /* RemakeSearchDaumBlog2 */,
				0FEDE944284E21D600FFB648 /* Products */,
			);
			sourceTree = "<group>";
		};
		0FEDE944284E21D600FFB648 /* Products */ = {
			isa = PBXGroup;
			children = (
				0FEDE943284E21D600FFB648 /* RemakeSearchDaumBlog2.app */,
			);
			name = Products;
			sourceTree = "<group>";
		};
		0FEDE945284E21D600FFB648 /* RemakeSearchDaumBlog2 */ = {
			isa = PBXGroup;
			children = (
				0FEDE946284E21D600FFB648 /* AppDelegate.swift */,
				0FEDE948284E21D600FFB648 /* SceneDelegate.swift */,
				0FE570E42851BB7E0080F168 /* Entity */,
				0FE570E32851BB720080F168 /* Presentation */,
				0FEDE94C284E21D600FFB648 /* Main.storyboard */,
				0FEDE94F284E21D700FFB648 /* Assets.xcassets */,
				0FEDE951284E21D700FFB648 /* LaunchScreen.storyboard */,
				0FEDE954284E21D700FFB648 /* Info.plist */,
			);
			path = RemakeSearchDaumBlog2;
			sourceTree = "<group>";
		};
/* End PBXGroup section */

/* Begin PBXNativeTarget section */
		0FEDE942284E21D600FFB648 /* RemakeSearchDaumBlog2 */ = {
			isa = PBXNativeTarget;
			buildConfigurationList = 0FEDE957284E21D700FFB648 /* Build configuration list for PBXNativeTarget "RemakeSearchDaumBlog2" */;
			buildPhases = (
				0FEDE93F284E21D600FFB648 /* Sources */,
				0FEDE940284E21D600FFB648 /* Frameworks */,
				0FEDE941284E21D600FFB648 /* Resources */,
			);
			buildRules = (
			);
			dependencies = (
			);
			name = RemakeSearchDaumBlog2;
			packageProductDependencies = (
				0F8E1DCE284F7E2D00903263 /* RxCocoa */,
				0F8E1DD0284F7E2D00903263 /* RxRelay */,
				0F8E1DD2284F7E2D00903263 /* RxSwift */,
				0F8E1DD5284F7E5C00903263 /* Kingfisher */,
				0F8E1DD8284F7E7B00903263 /* SnapKit */,
			);
			productName = RemakeSearchDaumBlog2;
			productReference = 0FEDE943284E21D600FFB648 /* RemakeSearchDaumBlog2.app */;
			productType = "com.apple.product-type.application";
		};
/* End PBXNativeTarget section */

/* Begin PBXProject section */
		0FEDE93B284E21D600FFB648 /* Project object */ = {
			isa = PBXProject;
			attributes = {
				BuildIndependentTargetsInParallel = 1;
				LastSwiftUpdateCheck = 1340;
				LastUpgradeCheck = 1340;
				TargetAttributes = {
					0FEDE942284E21D600FFB648 = {
						CreatedOnToolsVersion = 13.4.1;
					};
				};
			};
			buildConfigurationList = 0FEDE93E284E21D600FFB648 /* Build configuration list for PBXProject "RemakeSearchDaumBlog2" */;
			compatibilityVersion = "Xcode 13.0";
			developmentRegion = en;
			hasScannedForEncodings = 0;
			knownRegions = (
				en,
				Base,
			);
			mainGroup = 0FEDE93A284E21D600FFB648;
			packageReferences = (
				0F8E1DCD284F7E2D00903263 /* XCRemoteSwiftPackageReference "RxSwift" */,
				0F8E1DD4284F7E5C00903263 /* XCRemoteSwiftPackageReference "Kingfisher" */,
				0F8E1DD7284F7E7B00903263 /* XCRemoteSwiftPackageReference "SnapKit" */,
			);
			productRefGroup = 0FEDE944284E21D600FFB648 /* Products */;
			projectDirPath = "";
			projectRoot = "";
			targets = (
				0FEDE942284E21D600FFB648 /* RemakeSearchDaumBlog2 */,
			);
		};
/* End PBXProject section */

/* Begin PBXResourcesBuildPhase section */
		0FEDE941284E21D600FFB648 /* Resources */ = {
			isa = PBXResourcesBuildPhase;
			buildActionMask = 2147483647;
			files = (
				0FEDE953284E21D700FFB648 /* LaunchScreen.storyboard in Resources */,
				0FEDE950284E21D700FFB648 /* Assets.xcassets in Resources */,
				0FEDE94E284E21D600FFB648 /* Main.storyboard in Resources */,
			);
			runOnlyForDeploymentPostprocessing = 0;
		};
/* End PBXResourcesBuildPhase section */

/* Begin PBXSourcesBuildPhase section */
		0FEDE93F284E21D600FFB648 /* Sources */ = {
			isa = PBXSourcesBuildPhase;
			buildActionMask = 2147483647;
			files = (
				0FEDE947284E21D600FFB648 /* AppDelegate.swift in Sources */,
				0FE570E02851BB5C0080F168 /* BlogListCell.swift in Sources */,
				0FA1DAB0285246D800CA0D47 /* DKBlog.swift in Sources */,
				0FE570DE2851BB4C0080F168 /* BlogListView.swift in Sources */,
				0FE570E22851BB640080F168 /* BlogListCellData.swift in Sources */,
				0F8E1DDD284F7FAF00903263 /* SearchBar.swift in Sources */,
				0FEDE949284E21D600FFB648 /* SceneDelegate.swift in Sources */,
				0F8E1DDF284F9E1600903263 /* FilterView.swift in Sources */,
				0FA1DAAE28523AD200CA0D47 /* AlertActionConvertable.swift in Sources */,
				0F8E1DDB284F7EAE00903263 /* MainViewController.swift in Sources */,
			);
			runOnlyForDeploymentPostprocessing = 0;
		};
/* End PBXSourcesBuildPhase section */

/* Begin PBXVariantGroup section */
		0FEDE94C284E21D600FFB648 /* Main.storyboard */ = {
			isa = PBXVariantGroup;
			children = (
				0FEDE94D284E21D600FFB648 /* Base */,
			);
			name = Main.storyboard;
			sourceTree = "<group>";
		};
		0FEDE951284E21D700FFB648 /* LaunchScreen.storyboard */ = {
			isa = PBXVariantGroup;
			children = (
				0FEDE952284E21D700FFB648 /* Base */,
			);
			name = LaunchScreen.storyboard;
			sourceTree = "<group>";
		};
/* End PBXVariantGroup section */

/* Begin XCBuildConfiguration section */
		0FEDE955284E21D700FFB648 /* Debug */ = {
			isa = XCBuildConfiguration;
			buildSettings = {
				ALWAYS_SEARCH_USER_PATHS = NO;
				CLANG_ANALYZER_NONNULL = YES;
				CLANG_ANALYZER_NUMBER_OBJECT_CONVERSION = YES_AGGRESSIVE;
				CLANG_CXX_LANGUAGE_STANDARD = "gnu++17";
				CLANG_ENABLE_MODULES = YES;
				CLANG_ENABLE_OBJC_ARC = YES;
				CLANG_ENABLE_OBJC_WEAK = YES;
				CLANG_WARN_BLOCK_CAPTURE_AUTORELEASING = YES;
				CLANG_WARN_BOOL_CONVERSION = YES;
				CLANG_WARN_COMMA = YES;
				CLANG_WARN_CONSTANT_CONVERSION = YES;
				CLANG_WARN_DEPRECATED_OBJC_IMPLEMENTATIONS = YES;
				CLANG_WARN_DIRECT_OBJC_ISA_USAGE = YES_ERROR;
				CLANG_WARN_DOCUMENTATION_COMMENTS = YES;
				CLANG_WARN_EMPTY_BODY = YES;
				CLANG_WARN_ENUM_CONVERSION = YES;
				CLANG_WARN_INFINITE_RECURSION = YES;
				CLANG_WARN_INT_CONVERSION = YES;
				CLANG_WARN_NON_LITERAL_NULL_CONVERSION = YES;
				CLANG_WARN_OBJC_IMPLICIT_RETAIN_SELF = YES;
				CLANG_WARN_OBJC_LITERAL_CONVERSION = YES;
				CLANG_WARN_OBJC_ROOT_CLASS = YES_ERROR;
				CLANG_WARN_QUOTED_INCLUDE_IN_FRAMEWORK_HEADER = YES;
				CLANG_WARN_RANGE_LOOP_ANALYSIS = YES;
				CLANG_WARN_STRICT_PROTOTYPES = YES;
				CLANG_WARN_SUSPICIOUS_MOVE = YES;
				CLANG_WARN_UNGUARDED_AVAILABILITY = YES_AGGRESSIVE;
				CLANG_WARN_UNREACHABLE_CODE = YES;
				CLANG_WARN__DUPLICATE_METHOD_MATCH = YES;
				COPY_PHASE_STRIP = NO;
				DEBUG_INFORMATION_FORMAT = dwarf;
				ENABLE_STRICT_OBJC_MSGSEND = YES;
				ENABLE_TESTABILITY = YES;
				GCC_C_LANGUAGE_STANDARD = gnu11;
				GCC_DYNAMIC_NO_PIC = NO;
				GCC_NO_COMMON_BLOCKS = YES;
				GCC_OPTIMIZATION_LEVEL = 0;
				GCC_PREPROCESSOR_DEFINITIONS = (
					"DEBUG=1",
					"$(inherited)",
				);
				GCC_WARN_64_TO_32_BIT_CONVERSION = YES;
				GCC_WARN_ABOUT_RETURN_TYPE = YES_ERROR;
				GCC_WARN_UNDECLARED_SELECTOR = YES;
				GCC_WARN_UNINITIALIZED_AUTOS = YES_AGGRESSIVE;
				GCC_WARN_UNUSED_FUNCTION = YES;
				GCC_WARN_UNUSED_VARIABLE = YES;
				IPHONEOS_DEPLOYMENT_TARGET = 15.4;
				MTL_ENABLE_DEBUG_INFO = INCLUDE_SOURCE;
				MTL_FAST_MATH = YES;
				ONLY_ACTIVE_ARCH = YES;
				SDKROOT = iphoneos;
				SWIFT_ACTIVE_COMPILATION_CONDITIONS = DEBUG;
				SWIFT_OPTIMIZATION_LEVEL = "-Onone";
			};
			name = Debug;
		};
		0FEDE956284E21D700FFB648 /* Release */ = {
			isa = XCBuildConfiguration;
			buildSettings = {
				ALWAYS_SEARCH_USER_PATHS = NO;
				CLANG_ANALYZER_NONNULL = YES;
				CLANG_ANALYZER_NUMBER_OBJECT_CONVERSION = YES_AGGRESSIVE;
				CLANG_CXX_LANGUAGE_STANDARD = "gnu++17";
				CLANG_ENABLE_MODULES = YES;
				CLANG_ENABLE_OBJC_ARC = YES;
				CLANG_ENABLE_OBJC_WEAK = YES;
				CLANG_WARN_BLOCK_CAPTURE_AUTORELEASING = YES;
				CLANG_WARN_BOOL_CONVERSION = YES;
				CLANG_WARN_COMMA = YES;
				CLANG_WARN_CONSTANT_CONVERSION = YES;
				CLANG_WARN_DEPRECATED_OBJC_IMPLEMENTATIONS = YES;
				CLANG_WARN_DIRECT_OBJC_ISA_USAGE = YES_ERROR;
				CLANG_WARN_DOCUMENTATION_COMMENTS = YES;
				CLANG_WARN_EMPTY_BODY = YES;
				CLANG_WARN_ENUM_CONVERSION = YES;
				CLANG_WARN_INFINITE_RECURSION = YES;
				CLANG_WARN_INT_CONVERSION = YES;
				CLANG_WARN_NON_LITERAL_NULL_CONVERSION = YES;
				CLANG_WARN_OBJC_IMPLICIT_RETAIN_SELF = YES;
				CLANG_WARN_OBJC_LITERAL_CONVERSION = YES;
				CLANG_WARN_OBJC_ROOT_CLASS = YES_ERROR;
				CLANG_WARN_QUOTED_INCLUDE_IN_FRAMEWORK_HEADER = YES;
				CLANG_WARN_RANGE_LOOP_ANALYSIS = YES;
				CLANG_WARN_STRICT_PROTOTYPES = YES;
				CLANG_WARN_SUSPICIOUS_MOVE = YES;
				CLANG_WARN_UNGUARDED_AVAILABILITY = YES_AGGRESSIVE;
				CLANG_WARN_UNREACHABLE_CODE = YES;
				CLANG_WARN__DUPLICATE_METHOD_MATCH = YES;
				COPY_PHASE_STRIP = NO;
				DEBUG_INFORMATION_FORMAT = "dwarf-with-dsym";
				ENABLE_NS_ASSERTIONS = NO;
				ENABLE_STRICT_OBJC_MSGSEND = YES;
				GCC_C_LANGUAGE_STANDARD = gnu11;
				GCC_NO_COMMON_BLOCKS = YES;
				GCC_WARN_64_TO_32_BIT_CONVERSION = YES;
				GCC_WARN_ABOUT_RETURN_TYPE = YES_ERROR;
				GCC_WARN_UNDECLARED_SELECTOR = YES;
				GCC_WARN_UNINITIALIZED_AUTOS = YES_AGGRESSIVE;
				GCC_WARN_UNUSED_FUNCTION = YES;
				GCC_WARN_UNUSED_VARIABLE = YES;
				IPHONEOS_DEPLOYMENT_TARGET = 15.4;
				MTL_ENABLE_DEBUG_INFO = NO;
				MTL_FAST_MATH = YES;
				SDKROOT = iphoneos;
				SWIFT_COMPILATION_MODE = wholemodule;
				SWIFT_OPTIMIZATION_LEVEL = "-O";
				VALIDATE_PRODUCT = YES;
			};
			name = Release;
		};
		0FEDE958284E21D700FFB648 /* Debug */ = {
			isa = XCBuildConfiguration;
			buildSettings = {
				ASSETCATALOG_COMPILER_APPICON_NAME = AppIcon;
				ASSETCATALOG_COMPILER_GLOBAL_ACCENT_COLOR_NAME = AccentColor;
				CODE_SIGN_STYLE = Automatic;
				CURRENT_PROJECT_VERSION = 1;
				DEVELOPMENT_TEAM = J7MH5N2BKX;
				GENERATE_INFOPLIST_FILE = YES;
				INFOPLIST_FILE = RemakeSearchDaumBlog2/Info.plist;
				INFOPLIST_KEY_UIApplicationSupportsIndirectInputEvents = YES;
				INFOPLIST_KEY_UILaunchStoryboardName = LaunchScreen;
				INFOPLIST_KEY_UISupportedInterfaceOrientations_iPad = "UIInterfaceOrientationPortrait UIInterfaceOrientationPortraitUpsideDown UIInterfaceOrientationLandscapeLeft UIInterfaceOrientationLandscapeRight";
				INFOPLIST_KEY_UISupportedInterfaceOrientations_iPhone = "UIInterfaceOrientationPortrait UIInterfaceOrientationLandscapeLeft UIInterfaceOrientationLandscapeRight";
				IPHONEOS_DEPLOYMENT_TARGET = 15.4;
				LD_RUNPATH_SEARCH_PATHS = (
					"$(inherited)",
					"@executable_path/Frameworks",
				);
				MARKETING_VERSION = 1.0;
				PRODUCT_BUNDLE_IDENTIFIER = com.byougil.youn.RemakeSearchDaumBlog2;
				PRODUCT_NAME = "$(TARGET_NAME)";
				SWIFT_EMIT_LOC_STRINGS = YES;
				SWIFT_VERSION = 5.0;
				TARGETED_DEVICE_FAMILY = "1,2";
			};
			name = Debug;
		};
		0FEDE959284E21D700FFB648 /* Release */ = {
			isa = XCBuildConfiguration;
			buildSettings = {
				ASSETCATALOG_COMPILER_APPICON_NAME = AppIcon;
				ASSETCATALOG_COMPILER_GLOBAL_ACCENT_COLOR_NAME = AccentColor;
				CODE_SIGN_STYLE = Automatic;
				CURRENT_PROJECT_VERSION = 1;
				DEVELOPMENT_TEAM = J7MH5N2BKX;
				GENERATE_INFOPLIST_FILE = YES;
				INFOPLIST_FILE = RemakeSearchDaumBlog2/Info.plist;
				INFOPLIST_KEY_UIApplicationSupportsIndirectInputEvents = YES;
				INFOPLIST_KEY_UILaunchStoryboardName = LaunchScreen;
				INFOPLIST_KEY_UISupportedInterfaceOrientations_iPad = "UIInterfaceOrientationPortrait UIInterfaceOrientationPortraitUpsideDown UIInterfaceOrientationLandscapeLeft UIInterfaceOrientationLandscapeRight";
				INFOPLIST_KEY_UISupportedInterfaceOrientations_iPhone = "UIInterfaceOrientationPortrait UIInterfaceOrientationLandscapeLeft UIInterfaceOrientationLandscapeRight";
				IPHONEOS_DEPLOYMENT_TARGET = 15.4;
				LD_RUNPATH_SEARCH_PATHS = (
					"$(inherited)",
					"@executable_path/Frameworks",
				);
				MARKETING_VERSION = 1.0;
				PRODUCT_BUNDLE_IDENTIFIER = com.byougil.youn.RemakeSearchDaumBlog2;
				PRODUCT_NAME = "$(TARGET_NAME)";
				SWIFT_EMIT_LOC_STRINGS = YES;
				SWIFT_VERSION = 5.0;
				TARGETED_DEVICE_FAMILY = "1,2";
			};
			name = Release;
		};
/* End XCBuildConfiguration section */

/* Begin XCConfigurationList section */
		0FEDE93E284E21D600FFB648 /* Build configuration list for PBXProject "RemakeSearchDaumBlog2" */ = {
			isa = XCConfigurationList;
			buildConfigurations = (
				0FEDE955284E21D700FFB648 /* Debug */,
				0FEDE956284E21D700FFB648 /* Release */,
			);
			defaultConfigurationIsVisible = 0;
			defaultConfigurationName = Release;
		};
		0FEDE957284E21D700FFB648 /* Build configuration list for PBXNativeTarget "RemakeSearchDaumBlog2" */ = {
			isa = XCConfigurationList;
			buildConfigurations = (
				0FEDE958284E21D700FFB648 /* Debug */,
				0FEDE959284E21D700FFB648 /* Release */,
			);
			defaultConfigurationIsVisible = 0;
			defaultConfigurationName = Release;
		};
/* End XCConfigurationList section */

/* Begin XCRemoteSwiftPackageReference section */
		0F8E1DCD284F7E2D00903263 /* XCRemoteSwiftPackageReference "RxSwift" */ = {
			isa = XCRemoteSwiftPackageReference;
			repositoryURL = "https://github.com/ReactiveX/RxSwift.git";
			requirement = {
				branch = main;
				kind = branch;
			};
		};
		0F8E1DD4284F7E5C00903263 /* XCRemoteSwiftPackageReference "Kingfisher" */ = {
			isa = XCRemoteSwiftPackageReference;
			repositoryURL = "https://github.com/onevcat/Kingfisher.git";
			requirement = {
				kind = upToNextMajorVersion;
				minimumVersion = 7.0.0;
			};
		};
		0F8E1DD7284F7E7B00903263 /* XCRemoteSwiftPackageReference "SnapKit" */ = {
			isa = XCRemoteSwiftPackageReference;
			repositoryURL = "https://github.com/SnapKit/SnapKit.git";
			requirement = {
				kind = upToNextMajorVersion;
				minimumVersion = 5.0.0;
			};
		};
/* End XCRemoteSwiftPackageReference section */

/* Begin XCSwiftPackageProductDependency section */
		0F8E1DCE284F7E2D00903263 /* RxCocoa */ = {
			isa = XCSwiftPackageProductDependency;
			package = 0F8E1DCD284F7E2D00903263 /* XCRemoteSwiftPackageReference "RxSwift" */;
			productName = RxCocoa;
		};
		0F8E1DD0284F7E2D00903263 /* RxRelay */ = {
			isa = XCSwiftPackageProductDependency;
			package = 0F8E1DCD284F7E2D00903263 /* XCRemoteSwiftPackageReference "RxSwift" */;
			productName = RxRelay;
		};
		0F8E1DD2284F7E2D00903263 /* RxSwift */ = {
			isa = XCSwiftPackageProductDependency;
			package = 0F8E1DCD284F7E2D00903263 /* XCRemoteSwiftPackageReference "RxSwift" */;
			productName = RxSwift;
		};
		0F8E1DD5284F7E5C00903263 /* Kingfisher */ = {
			isa = XCSwiftPackageProductDependency;
			package = 0F8E1DD4284F7E5C00903263 /* XCRemoteSwiftPackageReference "Kingfisher" */;
			productName = Kingfisher;
		};
		0F8E1DD8284F7E7B00903263 /* SnapKit */ = {
			isa = XCSwiftPackageProductDependency;
			package = 0F8E1DD7284F7E7B00903263 /* XCRemoteSwiftPackageReference "SnapKit" */;
			productName = SnapKit;
		};
/* End XCSwiftPackageProductDependency section */
	};
	rootObject = 0FEDE93B284E21D600FFB648 /* Project object */;
}
