// !$*UTF8*$!
{
	archiveVersion = 1;
	classes = {
	};
	objectVersion = 55;
	objects = {

/* Begin PBXBuildFile section */
		0FF17CF3276666D3002220D1 /* AppDelegate.swift in Sources */ = {isa = PBXBuildFile; fileRef = 0FF17CF2276666D3002220D1 /* AppDelegate.swift */; };
		0FF17CF5276666D3002220D1 /* SceneDelegate.swift in Sources */ = {isa = PBXBuildFile; fileRef = 0FF17CF4276666D3002220D1 /* SceneDelegate.swift */; };
		0FF17CFC276666D6002220D1 /* Assets.xcassets in Resources */ = {isa = PBXBuildFile; fileRef = 0FF17CFB276666D6002220D1 /* Assets.xcassets */; };
		0FF17CFF276666D6002220D1 /* LaunchScreen.storyboard in Resources */ = {isa = PBXBuildFile; fileRef = 0FF17CFD276666D6002220D1 /* LaunchScreen.storyboard */; };
		0FF17D0827666796002220D1 /* RxCocoa in Frameworks */ = {isa = PBXBuildFile; productRef = 0FF17D0727666796002220D1 /* RxCocoa */; };
		0FF17D0A27666796002220D1 /* RxRelay in Frameworks */ = {isa = PBXBuildFile; productRef = 0FF17D0927666796002220D1 /* RxRelay */; };
		0FF17D0C27666796002220D1 /* RxSwift in Frameworks */ = {isa = PBXBuildFile; productRef = 0FF17D0B27666796002220D1 /* RxSwift */; };
		0FF17D0F276667B6002220D1 /* Kingfisher in Frameworks */ = {isa = PBXBuildFile; productRef = 0FF17D0E276667B6002220D1 /* Kingfisher */; };
		0FF17D12276667E5002220D1 /* SnapKit in Frameworks */ = {isa = PBXBuildFile; productRef = 0FF17D11276667E5002220D1 /* SnapKit */; };
		0FF17D1427666C69002220D1 /* MainViewController.swift in Sources */ = {isa = PBXBuildFile; fileRef = 0FF17D1327666C69002220D1 /* MainViewController.swift */; };
		0FF17D1627666D84002220D1 /* SearchBar.swift in Sources */ = {isa = PBXBuildFile; fileRef = 0FF17D1527666D84002220D1 /* SearchBar.swift */; };
		0FF17D18276679B3002220D1 /* FilterView.swift in Sources */ = {isa = PBXBuildFile; fileRef = 0FF17D17276679B3002220D1 /* FilterView.swift */; };
		0FF17D1A27667BE7002220D1 /* BlogList.swift in Sources */ = {isa = PBXBuildFile; fileRef = 0FF17D1927667BE7002220D1 /* BlogList.swift */; };
		0FF17D1C27667BF7002220D1 /* BlogListCell.swift in Sources */ = {isa = PBXBuildFile; fileRef = 0FF17D1B27667BF7002220D1 /* BlogListCell.swift */; };
		0FF17D1E27667C06002220D1 /* BlogListCellData.swift in Sources */ = {isa = PBXBuildFile; fileRef = 0FF17D1D27667C06002220D1 /* BlogListCellData.swift */; };
/* End PBXBuildFile section */

/* Begin PBXFileReference section */
		0FF17CEF276666D3002220D1 /* SearchDaumBlog.app */ = {isa = PBXFileReference; explicitFileType = wrapper.application; includeInIndex = 0; path = SearchDaumBlog.app; sourceTree = BUILT_PRODUCTS_DIR; };
		0FF17CF2276666D3002220D1 /* AppDelegate.swift */ = {isa = PBXFileReference; lastKnownFileType = sourcecode.swift; path = AppDelegate.swift; sourceTree = "<group>"; };
		0FF17CF4276666D3002220D1 /* SceneDelegate.swift */ = {isa = PBXFileReference; lastKnownFileType = sourcecode.swift; path = SceneDelegate.swift; sourceTree = "<group>"; };
		0FF17CFB276666D6002220D1 /* Assets.xcassets */ = {isa = PBXFileReference; lastKnownFileType = folder.assetcatalog; path = Assets.xcassets; sourceTree = "<group>"; };
		0FF17CFE276666D6002220D1 /* Base */ = {isa = PBXFileReference; lastKnownFileType = file.storyboard; name = Base; path = Base.lproj/LaunchScreen.storyboard; sourceTree = "<group>"; };
		0FF17D00276666D6002220D1 /* Info.plist */ = {isa = PBXFileReference; lastKnownFileType = text.plist.xml; path = Info.plist; sourceTree = "<group>"; };
		0FF17D1327666C69002220D1 /* MainViewController.swift */ = {isa = PBXFileReference; lastKnownFileType = sourcecode.swift; path = MainViewController.swift; sourceTree = "<group>"; };
		0FF17D1527666D84002220D1 /* SearchBar.swift */ = {isa = PBXFileReference; lastKnownFileType = sourcecode.swift; path = SearchBar.swift; sourceTree = "<group>"; };
		0FF17D17276679B3002220D1 /* FilterView.swift */ = {isa = PBXFileReference; lastKnownFileType = sourcecode.swift; path = FilterView.swift; sourceTree = "<group>"; };
		0FF17D1927667BE7002220D1 /* BlogList.swift */ = {isa = PBXFileReference; lastKnownFileType = sourcecode.swift; path = BlogList.swift; sourceTree = "<group>"; };
		0FF17D1B27667BF7002220D1 /* BlogListCell.swift */ = {isa = PBXFileReference; lastKnownFileType = sourcecode.swift; path = BlogListCell.swift; sourceTree = "<group>"; };
		0FF17D1D27667C06002220D1 /* BlogListCellData.swift */ = {isa = PBXFileReference; lastKnownFileType = sourcecode.swift; path = BlogListCellData.swift; sourceTree = "<group>"; };
/* End PBXFileReference section */

/* Begin PBXFrameworksBuildPhase section */
		0FF17CEC276666D3002220D1 /* Frameworks */ = {
			isa = PBXFrameworksBuildPhase;
			buildActionMask = 2147483647;
			files = (
				0FF17D0F276667B6002220D1 /* Kingfisher in Frameworks */,
				0FF17D0C27666796002220D1 /* RxSwift in Frameworks */,
				0FF17D0A27666796002220D1 /* RxRelay in Frameworks */,
				0FF17D0827666796002220D1 /* RxCocoa in Frameworks */,
				0FF17D12276667E5002220D1 /* SnapKit in Frameworks */,
			);
			runOnlyForDeploymentPostprocessing = 0;
		};
/* End PBXFrameworksBuildPhase section */

/* Begin PBXGroup section */
		0FF17CE6276666D3002220D1 = {
			isa = PBXGroup;
			children = (
				0FF17CF1276666D3002220D1 /* SearchDaumBlog */,
				0FF17CF0276666D3002220D1 /* Products */,
			);
			sourceTree = "<group>";
		};
		0FF17CF0276666D3002220D1 /* Products */ = {
			isa = PBXGroup;
			children = (
				0FF17CEF276666D3002220D1 /* SearchDaumBlog.app */,
			);
			name = Products;
			sourceTree = "<group>";
		};
		0FF17CF1276666D3002220D1 /* SearchDaumBlog */ = {
			isa = PBXGroup;
			children = (
				0FF17CF2276666D3002220D1 /* AppDelegate.swift */,
				0FF17CF4276666D3002220D1 /* SceneDelegate.swift */,
				0FF17D2127667C49002220D1 /* Entities */,
				0FF17D2027667C39002220D1 /* Presentation */,
				0FF17CFB276666D6002220D1 /* Assets.xcassets */,
				0FF17CFD276666D6002220D1 /* LaunchScreen.storyboard */,
				0FF17D00276666D6002220D1 /* Info.plist */,
			);
			path = SearchDaumBlog;
			sourceTree = "<group>";
		};
		0FF17D2027667C39002220D1 /* Presentation */ = {
			isa = PBXGroup;
			children = (
				0FF17D23276683F4002220D1 /* MainViewController */,
			);
			path = Presentation;
			sourceTree = "<group>";
		};
		0FF17D2127667C49002220D1 /* Entities */ = {
			isa = PBXGroup;
			children = (
				0FF17D1D27667C06002220D1 /* BlogListCellData.swift */,
			);
			path = Entities;
			sourceTree = "<group>";
		};
		0FF17D22276683C0002220D1 /* SubComponents */ = {
			isa = PBXGroup;
			children = (
				0FF17D242766840B002220D1 /* SearchBar */,
				0FF17D2527668413002220D1 /* BlogListView */,
			);
			path = SubComponents;
			sourceTree = "<group>";
		};
		0FF17D23276683F4002220D1 /* MainViewController */ = {
			isa = PBXGroup;
			children = (
				0FF17D1327666C69002220D1 /* MainViewController.swift */,
				0FF17D22276683C0002220D1 /* SubComponents */,
			);
			path = MainViewController;
			sourceTree = "<group>";
		};
		0FF17D242766840B002220D1 /* SearchBar */ = {
			isa = PBXGroup;
			children = (
				0FF17D1527666D84002220D1 /* SearchBar.swift */,
			);
			path = SearchBar;
			sourceTree = "<group>";
		};
		0FF17D2527668413002220D1 /* BlogListView */ = {
			isa = PBXGroup;
			children = (
				0FF17D1927667BE7002220D1 /* BlogList.swift */,
				0FF17D2627668426002220D1 /* SubComponents */,
			);
			path = BlogListView;
			sourceTree = "<group>";
		};
		0FF17D2627668426002220D1 /* SubComponents */ = {
			isa = PBXGroup;
			children = (
				0FF17D17276679B3002220D1 /* FilterView.swift */,
				0FF17D1B27667BF7002220D1 /* BlogListCell.swift */,
			);
			path = SubComponents;
			sourceTree = "<group>";
		};
/* End PBXGroup section */

/* Begin PBXNativeTarget section */
		0FF17CEE276666D3002220D1 /* SearchDaumBlog */ = {
			isa = PBXNativeTarget;
			buildConfigurationList = 0FF17D03276666D6002220D1 /* Build configuration list for PBXNativeTarget "SearchDaumBlog" */;
			buildPhases = (
				0FF17CEB276666D3002220D1 /* Sources */,
				0FF17CEC276666D3002220D1 /* Frameworks */,
				0FF17CED276666D3002220D1 /* Resources */,
			);
			buildRules = (
			);
			dependencies = (
			);
			name = SearchDaumBlog;
			packageProductDependencies = (
				0FF17D0727666796002220D1 /* RxCocoa */,
				0FF17D0927666796002220D1 /* RxRelay */,
				0FF17D0B27666796002220D1 /* RxSwift */,
				0FF17D0E276667B6002220D1 /* Kingfisher */,
				0FF17D11276667E5002220D1 /* SnapKit */,
			);
			productName = SearchDaumBlog;
			productReference = 0FF17CEF276666D3002220D1 /* SearchDaumBlog.app */;
			productType = "com.apple.product-type.application";
		};
/* End PBXNativeTarget section */

/* Begin PBXProject section */
		0FF17CE7276666D3002220D1 /* Project object */ = {
			isa = PBXProject;
			attributes = {
				BuildIndependentTargetsInParallel = 1;
				LastSwiftUpdateCheck = 1310;
				LastUpgradeCheck = 1310;
				TargetAttributes = {
					0FF17CEE276666D3002220D1 = {
						CreatedOnToolsVersion = 13.1;
					};
				};
			};
			buildConfigurationList = 0FF17CEA276666D3002220D1 /* Build configuration list for PBXProject "SearchDaumBlog" */;
			compatibilityVersion = "Xcode 13.0";
			developmentRegion = en;
			hasScannedForEncodings = 0;
			knownRegions = (
				en,
				Base,
			);
			mainGroup = 0FF17CE6276666D3002220D1;
			packageReferences = (
				0FF17D0627666796002220D1 /* XCRemoteSwiftPackageReference "RxSwift" */,
				0FF17D0D276667B6002220D1 /* XCRemoteSwiftPackageReference "Kingfisher" */,
				0FF17D10276667E5002220D1 /* XCRemoteSwiftPackageReference "SnapKit" */,
			);
			productRefGroup = 0FF17CF0276666D3002220D1 /* Products */;
			projectDirPath = "";
			projectRoot = "";
			targets = (
				0FF17CEE276666D3002220D1 /* SearchDaumBlog */,
			);
		};
/* End PBXProject section */

/* Begin PBXResourcesBuildPhase section */
		0FF17CED276666D3002220D1 /* Resources */ = {
			isa = PBXResourcesBuildPhase;
			buildActionMask = 2147483647;
			files = (
				0FF17CFF276666D6002220D1 /* LaunchScreen.storyboard in Resources */,
				0FF17CFC276666D6002220D1 /* Assets.xcassets in Resources */,
			);
			runOnlyForDeploymentPostprocessing = 0;
		};
/* End PBXResourcesBuildPhase section */

/* Begin PBXSourcesBuildPhase section */
		0FF17CEB276666D3002220D1 /* Sources */ = {
			isa = PBXSourcesBuildPhase;
			buildActionMask = 2147483647;
			files = (
				0FF17D1427666C69002220D1 /* MainViewController.swift in Sources */,
				0FF17D1C27667BF7002220D1 /* BlogListCell.swift in Sources */,
				0FF17D1A27667BE7002220D1 /* BlogList.swift in Sources */,
				0FF17D1E27667C06002220D1 /* BlogListCellData.swift in Sources */,
				0FF17D1627666D84002220D1 /* SearchBar.swift in Sources */,
				0FF17CF3276666D3002220D1 /* AppDelegate.swift in Sources */,
				0FF17D18276679B3002220D1 /* FilterView.swift in Sources */,
				0FF17CF5276666D3002220D1 /* SceneDelegate.swift in Sources */,
			);
			runOnlyForDeploymentPostprocessing = 0;
		};
/* End PBXSourcesBuildPhase section */

/* Begin PBXVariantGroup section */
		0FF17CFD276666D6002220D1 /* LaunchScreen.storyboard */ = {
			isa = PBXVariantGroup;
			children = (
				0FF17CFE276666D6002220D1 /* Base */,
			);
			name = LaunchScreen.storyboard;
			sourceTree = "<group>";
		};
/* End PBXVariantGroup section */

/* Begin XCBuildConfiguration section */
		0FF17D01276666D6002220D1 /* Debug */ = {
			isa = XCBuildConfiguration;
			buildSettings = {
				ALWAYS_SEARCH_USER_PATHS = NO;
				CLANG_ANALYZER_NONNULL = YES;
				CLANG_ANALYZER_NUMBER_OBJECT_CONVERSION = YES_AGGRESSIVE;
				CLANG_CXX_LANGUAGE_STANDARD = "gnu++17";
				CLANG_CXX_LIBRARY = "libc++";
				CLANG_ENABLE_MODULES = YES;
				CLANG_ENABLE_OBJC_ARC = YES;
				CLANG_ENABLE_OBJC_WEAK = YES;
				CLANG_WARN_BLOCK_CAPTURE_AUTORELEASING = YES;
				CLANG_WARN_BOOL_CONVERSION = YES;
				CLANG_WARN_COMMA = YES;
				CLANG_WARN_CONSTANT_CONVERSION = YES;
				CLANG_WARN_DEPRECATED_OBJC_IMPLEMENTATIONS = YES;
				CLANG_WARN_DIRECT_OBJC_ISA_USAGE = YES_ERROR;
				CLANG_WARN_DOCUMENTATION_COMMENTS = YES;
				CLANG_WARN_EMPTY_BODY = YES;
				CLANG_WARN_ENUM_CONVERSION = YES;
				CLANG_WARN_INFINITE_RECURSION = YES;
				CLANG_WARN_INT_CONVERSION = YES;
				CLANG_WARN_NON_LITERAL_NULL_CONVERSION = YES;
				CLANG_WARN_OBJC_IMPLICIT_RETAIN_SELF = YES;
				CLANG_WARN_OBJC_LITERAL_CONVERSION = YES;
				CLANG_WARN_OBJC_ROOT_CLASS = YES_ERROR;
				CLANG_WARN_QUOTED_INCLUDE_IN_FRAMEWORK_HEADER = YES;
				CLANG_WARN_RANGE_LOOP_ANALYSIS = YES;
				CLANG_WARN_STRICT_PROTOTYPES = YES;
				CLANG_WARN_SUSPICIOUS_MOVE = YES;
				CLANG_WARN_UNGUARDED_AVAILABILITY = YES_AGGRESSIVE;
				CLANG_WARN_UNREACHABLE_CODE = YES;
				CLANG_WARN__DUPLICATE_METHOD_MATCH = YES;
				COPY_PHASE_STRIP = NO;
				DEBUG_INFORMATION_FORMAT = dwarf;
				ENABLE_STRICT_OBJC_MSGSEND = YES;
				ENABLE_TESTABILITY = YES;
				GCC_C_LANGUAGE_STANDARD = gnu11;
				GCC_DYNAMIC_NO_PIC = NO;
				GCC_NO_COMMON_BLOCKS = YES;
				GCC_OPTIMIZATION_LEVEL = 0;
				GCC_PREPROCESSOR_DEFINITIONS = (
					"DEBUG=1",
					"$(inherited)",
				);
				GCC_WARN_64_TO_32_BIT_CONVERSION = YES;
				GCC_WARN_ABOUT_RETURN_TYPE = YES_ERROR;
				GCC_WARN_UNDECLARED_SELECTOR = YES;
				GCC_WARN_UNINITIALIZED_AUTOS = YES_AGGRESSIVE;
				GCC_WARN_UNUSED_FUNCTION = YES;
				GCC_WARN_UNUSED_VARIABLE = YES;
				IPHONEOS_DEPLOYMENT_TARGET = 15.0;
				MTL_ENABLE_DEBUG_INFO = INCLUDE_SOURCE;
				MTL_FAST_MATH = YES;
				ONLY_ACTIVE_ARCH = YES;
				SDKROOT = iphoneos;
				SWIFT_ACTIVE_COMPILATION_CONDITIONS = DEBUG;
				SWIFT_OPTIMIZATION_LEVEL = "-Onone";
			};
			name = Debug;
		};
		0FF17D02276666D6002220D1 /* Release */ = {
			isa = XCBuildConfiguration;
			buildSettings = {
				ALWAYS_SEARCH_USER_PATHS = NO;
				CLANG_ANALYZER_NONNULL = YES;
				CLANG_ANALYZER_NUMBER_OBJECT_CONVERSION = YES_AGGRESSIVE;
				CLANG_CXX_LANGUAGE_STANDARD = "gnu++17";
				CLANG_CXX_LIBRARY = "libc++";
				CLANG_ENABLE_MODULES = YES;
				CLANG_ENABLE_OBJC_ARC = YES;
				CLANG_ENABLE_OBJC_WEAK = YES;
				CLANG_WARN_BLOCK_CAPTURE_AUTORELEASING = YES;
				CLANG_WARN_BOOL_CONVERSION = YES;
				CLANG_WARN_COMMA = YES;
				CLANG_WARN_CONSTANT_CONVERSION = YES;
				CLANG_WARN_DEPRECATED_OBJC_IMPLEMENTATIONS = YES;
				CLANG_WARN_DIRECT_OBJC_ISA_USAGE = YES_ERROR;
				CLANG_WARN_DOCUMENTATION_COMMENTS = YES;
				CLANG_WARN_EMPTY_BODY = YES;
				CLANG_WARN_ENUM_CONVERSION = YES;
				CLANG_WARN_INFINITE_RECURSION = YES;
				CLANG_WARN_INT_CONVERSION = YES;
				CLANG_WARN_NON_LITERAL_NULL_CONVERSION = YES;
				CLANG_WARN_OBJC_IMPLICIT_RETAIN_SELF = YES;
				CLANG_WARN_OBJC_LITERAL_CONVERSION = YES;
				CLANG_WARN_OBJC_ROOT_CLASS = YES_ERROR;
				CLANG_WARN_QUOTED_INCLUDE_IN_FRAMEWORK_HEADER = YES;
				CLANG_WARN_RANGE_LOOP_ANALYSIS = YES;
				CLANG_WARN_STRICT_PROTOTYPES = YES;
				CLANG_WARN_SUSPICIOUS_MOVE = YES;
				CLANG_WARN_UNGUARDED_AVAILABILITY = YES_AGGRESSIVE;
				CLANG_WARN_UNREACHABLE_CODE = YES;
				CLANG_WARN__DUPLICATE_METHOD_MATCH = YES;
				COPY_PHASE_STRIP = NO;
				DEBUG_INFORMATION_FORMAT = "dwarf-with-dsym";
				ENABLE_NS_ASSERTIONS = NO;
				ENABLE_STRICT_OBJC_MSGSEND = YES;
				GCC_C_LANGUAGE_STANDARD = gnu11;
				GCC_NO_COMMON_BLOCKS = YES;
				GCC_WARN_64_TO_32_BIT_CONVERSION = YES;
				GCC_WARN_ABOUT_RETURN_TYPE = YES_ERROR;
				GCC_WARN_UNDECLARED_SELECTOR = YES;
				GCC_WARN_UNINITIALIZED_AUTOS = YES_AGGRESSIVE;
				GCC_WARN_UNUSED_FUNCTION = YES;
				GCC_WARN_UNUSED_VARIABLE = YES;
				IPHONEOS_DEPLOYMENT_TARGET = 15.0;
				MTL_ENABLE_DEBUG_INFO = NO;
				MTL_FAST_MATH = YES;
				SDKROOT = iphoneos;
				SWIFT_COMPILATION_MODE = wholemodule;
				SWIFT_OPTIMIZATION_LEVEL = "-O";
				VALIDATE_PRODUCT = YES;
			};
			name = Release;
		};
		0FF17D04276666D6002220D1 /* Debug */ = {
			isa = XCBuildConfiguration;
			buildSettings = {
				ASSETCATALOG_COMPILER_APPICON_NAME = AppIcon;
				ASSETCATALOG_COMPILER_GLOBAL_ACCENT_COLOR_NAME = AccentColor;
				CODE_SIGN_STYLE = Automatic;
				CURRENT_PROJECT_VERSION = 1;
				DEVELOPMENT_TEAM = J7MH5N2BKX;
				GENERATE_INFOPLIST_FILE = YES;
				INFOPLIST_FILE = SearchDaumBlog/Info.plist;
				INFOPLIST_KEY_UIApplicationSupportsIndirectInputEvents = YES;
				INFOPLIST_KEY_UILaunchStoryboardName = LaunchScreen;
				INFOPLIST_KEY_UISupportedInterfaceOrientations_iPad = "UIInterfaceOrientationPortrait UIInterfaceOrientationPortraitUpsideDown UIInterfaceOrientationLandscapeLeft UIInterfaceOrientationLandscapeRight";
				INFOPLIST_KEY_UISupportedInterfaceOrientations_iPhone = "UIInterfaceOrientationPortrait UIInterfaceOrientationLandscapeLeft UIInterfaceOrientationLandscapeRight";
				LD_RUNPATH_SEARCH_PATHS = (
					"$(inherited)",
					"@executable_path/Frameworks",
				);
				MARKETING_VERSION = 1.0;
				PRODUCT_BUNDLE_IDENTIFIER = com.byougil.youn.SearchDaumBlog;
				PRODUCT_NAME = "$(TARGET_NAME)";
				SWIFT_EMIT_LOC_STRINGS = YES;
				SWIFT_VERSION = 5.0;
				TARGETED_DEVICE_FAMILY = "1,2";
			};
			name = Debug;
		};
		0FF17D05276666D6002220D1 /* Release */ = {
			isa = XCBuildConfiguration;
			buildSettings = {
				ASSETCATALOG_COMPILER_APPICON_NAME = AppIcon;
				ASSETCATALOG_COMPILER_GLOBAL_ACCENT_COLOR_NAME = AccentColor;
				CODE_SIGN_STYLE = Automatic;
				CURRENT_PROJECT_VERSION = 1;
				DEVELOPMENT_TEAM = J7MH5N2BKX;
				GENERATE_INFOPLIST_FILE = YES;
				INFOPLIST_FILE = SearchDaumBlog/Info.plist;
				INFOPLIST_KEY_UIApplicationSupportsIndirectInputEvents = YES;
				INFOPLIST_KEY_UILaunchStoryboardName = LaunchScreen;
				INFOPLIST_KEY_UISupportedInterfaceOrientations_iPad = "UIInterfaceOrientationPortrait UIInterfaceOrientationPortraitUpsideDown UIInterfaceOrientationLandscapeLeft UIInterfaceOrientationLandscapeRight";
				INFOPLIST_KEY_UISupportedInterfaceOrientations_iPhone = "UIInterfaceOrientationPortrait UIInterfaceOrientationLandscapeLeft UIInterfaceOrientationLandscapeRight";
				LD_RUNPATH_SEARCH_PATHS = (
					"$(inherited)",
					"@executable_path/Frameworks",
				);
				MARKETING_VERSION = 1.0;
				PRODUCT_BUNDLE_IDENTIFIER = com.byougil.youn.SearchDaumBlog;
				PRODUCT_NAME = "$(TARGET_NAME)";
				SWIFT_EMIT_LOC_STRINGS = YES;
				SWIFT_VERSION = 5.0;
				TARGETED_DEVICE_FAMILY = "1,2";
			};
			name = Release;
		};
/* End XCBuildConfiguration section */

/* Begin XCConfigurationList section */
		0FF17CEA276666D3002220D1 /* Build configuration list for PBXProject "SearchDaumBlog" */ = {
			isa = XCConfigurationList;
			buildConfigurations = (
				0FF17D01276666D6002220D1 /* Debug */,
				0FF17D02276666D6002220D1 /* Release */,
			);
			defaultConfigurationIsVisible = 0;
			defaultConfigurationName = Release;
		};
		0FF17D03276666D6002220D1 /* Build configuration list for PBXNativeTarget "SearchDaumBlog" */ = {
			isa = XCConfigurationList;
			buildConfigurations = (
				0FF17D04276666D6002220D1 /* Debug */,
				0FF17D05276666D6002220D1 /* Release */,
			);
			defaultConfigurationIsVisible = 0;
			defaultConfigurationName = Release;
		};
/* End XCConfigurationList section */

/* Begin XCRemoteSwiftPackageReference section */
		0FF17D0627666796002220D1 /* XCRemoteSwiftPackageReference "RxSwift" */ = {
			isa = XCRemoteSwiftPackageReference;
			repositoryURL = "https://github.com/ReactiveX/RxSwift.git";
			requirement = {
				kind = upToNextMajorVersion;
				minimumVersion = 6.0.0;
			};
		};
		0FF17D0D276667B6002220D1 /* XCRemoteSwiftPackageReference "Kingfisher" */ = {
			isa = XCRemoteSwiftPackageReference;
			repositoryURL = "https://github.com/onevcat/Kingfisher.git";
			requirement = {
				branch = master;
				kind = branch;
			};
		};
		0FF17D10276667E5002220D1 /* XCRemoteSwiftPackageReference "SnapKit" */ = {
			isa = XCRemoteSwiftPackageReference;
			repositoryURL = "https://github.com/SnapKit/SnapKit.git";
			requirement = {
				kind = upToNextMajorVersion;
				minimumVersion = 5.0.0;
			};
		};
/* End XCRemoteSwiftPackageReference section */

/* Begin XCSwiftPackageProductDependency section */
		0FF17D0727666796002220D1 /* RxCocoa */ = {
			isa = XCSwiftPackageProductDependency;
			package = 0FF17D0627666796002220D1 /* XCRemoteSwiftPackageReference "RxSwift" */;
			productName = RxCocoa;
		};
		0FF17D0927666796002220D1 /* RxRelay */ = {
			isa = XCSwiftPackageProductDependency;
			package = 0FF17D0627666796002220D1 /* XCRemoteSwiftPackageReference "RxSwift" */;
			productName = RxRelay;
		};
		0FF17D0B27666796002220D1 /* RxSwift */ = {
			isa = XCSwiftPackageProductDependency;
			package = 0FF17D0627666796002220D1 /* XCRemoteSwiftPackageReference "RxSwift" */;
			productName = RxSwift;
		};
		0FF17D0E276667B6002220D1 /* Kingfisher */ = {
			isa = XCSwiftPackageProductDependency;
			package = 0FF17D0D276667B6002220D1 /* XCRemoteSwiftPackageReference "Kingfisher" */;
			productName = Kingfisher;
		};
		0FF17D11276667E5002220D1 /* SnapKit */ = {
			isa = XCSwiftPackageProductDependency;
			package = 0FF17D10276667E5002220D1 /* XCRemoteSwiftPackageReference "SnapKit" */;
			productName = SnapKit;
		};
/* End XCSwiftPackageProductDependency section */
	};
	rootObject = 0FF17CE7276666D3002220D1 /* Project object */;
}
