// !$*UTF8*$!
{
	archiveVersion = 1;
	classes = {
	};
	objectVersion = 55;
	objects = {

/* Begin PBXBuildFile section */
		0F0F0B5D27D880A6003D259F /* MovieListPresenter.swift in Sources */ = {isa = PBXBuildFile; fileRef = 0F0F0B5C27D880A6003D259F /* MovieListPresenter.swift */; };
		0F0F0B5F27D88760003D259F /* MovieListCollectionViewCell.swift in Sources */ = {isa = PBXBuildFile; fileRef = 0F0F0B5E27D88760003D259F /* MovieListCollectionViewCell.swift */; };
		0F3A3F1927EFD29800EA3152 /* UserDefaultsManager.swift in Sources */ = {isa = PBXBuildFile; fileRef = 0F3A3F1827EFD29800EA3152 /* UserDefaultsManager.swift */; };
		0F3E6BAA27E7F95700A87B02 /* MovieDetailViewController.swift in Sources */ = {isa = PBXBuildFile; fileRef = 0F3E6BA927E7F95700A87B02 /* MovieDetailViewController.swift */; };
		0F3E6BAC27E7F95F00A87B02 /* MovieDetailPresenter.swift in Sources */ = {isa = PBXBuildFile; fileRef = 0F3E6BAB27E7F95F00A87B02 /* MovieDetailPresenter.swift */; };
		0F4FF7E327D76ED6007B3073 /* MovieSearchRequestModel.swift in Sources */ = {isa = PBXBuildFile; fileRef = 0F4FF7E227D76ED6007B3073 /* MovieSearchRequestModel.swift */; };
		0F4FF7E527D76EFB007B3073 /* MovieSearchResponseModel.swift in Sources */ = {isa = PBXBuildFile; fileRef = 0F4FF7E427D76EFB007B3073 /* MovieSearchResponseModel.swift */; };
		0F4FF7E827D771D2007B3073 /* Movie.swift in Sources */ = {isa = PBXBuildFile; fileRef = 0F4FF7E727D771D2007B3073 /* Movie.swift */; };
		0F4FF7EA27D77251007B3073 /* MovieSearchManager.swift in Sources */ = {isa = PBXBuildFile; fileRef = 0F4FF7E927D77251007B3073 /* MovieSearchManager.swift */; };
		0FA8A94D27D71B82001F4DBF /* AppDelegate.swift in Sources */ = {isa = PBXBuildFile; fileRef = 0FA8A94C27D71B82001F4DBF /* AppDelegate.swift */; };
		0FA8A94F27D71B82001F4DBF /* SceneDelegate.swift in Sources */ = {isa = PBXBuildFile; fileRef = 0FA8A94E27D71B82001F4DBF /* SceneDelegate.swift */; };
		0FA8A95127D71B82001F4DBF /* MovieListViewController.swift in Sources */ = {isa = PBXBuildFile; fileRef = 0FA8A95027D71B82001F4DBF /* MovieListViewController.swift */; };
		0FA8A95627D71B84001F4DBF /* Assets.xcassets in Resources */ = {isa = PBXBuildFile; fileRef = 0FA8A95527D71B84001F4DBF /* Assets.xcassets */; };
		0FA8A95927D71B84001F4DBF /* LaunchScreen.storyboard in Resources */ = {isa = PBXBuildFile; fileRef = 0FA8A95727D71B84001F4DBF /* LaunchScreen.storyboard */; };
		0FA8A96427D71B84001F4DBF /* MovieReviewTests.swift in Sources */ = {isa = PBXBuildFile; fileRef = 0FA8A96327D71B84001F4DBF /* MovieReviewTests.swift */; };
		0FA8A96E27D71B84001F4DBF /* MovieReviewUITests.swift in Sources */ = {isa = PBXBuildFile; fileRef = 0FA8A96D27D71B84001F4DBF /* MovieReviewUITests.swift */; };
		0FA8A97027D71B84001F4DBF /* MovieReviewUITestsLaunchTests.swift in Sources */ = {isa = PBXBuildFile; fileRef = 0FA8A96F27D71B84001F4DBF /* MovieReviewUITestsLaunchTests.swift */; };
		0FEE180527EF3AC400DE38F6 /* MovieContentsStackView.swift in Sources */ = {isa = PBXBuildFile; fileRef = 0FEE180427EF3AC400DE38F6 /* MovieContentsStackView.swift */; };
		1274B90A26E8A3089FF7EEBB /* Pods_MovieReview_MovieReviewUITests.framework in Frameworks */ = {isa = PBXBuildFile; fileRef = 56931269F0E77907F9DAB551 /* Pods_MovieReview_MovieReviewUITests.framework */; };
		D7F02D6B6CB856F90AE18E02 /* Pods_MovieReviewTests.framework in Frameworks */ = {isa = PBXBuildFile; fileRef = ACBEA281B39FCE9A1291DE8E /* Pods_MovieReviewTests.framework */; };
		E72AB0EC682893DE57569D51 /* Pods_MovieReview.framework in Frameworks */ = {isa = PBXBuildFile; fileRef = D79EB70D0DB18C12FDAE16DD /* Pods_MovieReview.framework */; };
/* End PBXBuildFile section */

/* Begin PBXContainerItemProxy section */
		0FA8A96027D71B84001F4DBF /* PBXContainerItemProxy */ = {
			isa = PBXContainerItemProxy;
			containerPortal = 0FA8A94127D71B82001F4DBF /* Project object */;
			proxyType = 1;
			remoteGlobalIDString = 0FA8A94827D71B82001F4DBF;
			remoteInfo = MovieReview;
		};
		0FA8A96A27D71B84001F4DBF /* PBXContainerItemProxy */ = {
			isa = PBXContainerItemProxy;
			containerPortal = 0FA8A94127D71B82001F4DBF /* Project object */;
			proxyType = 1;
			remoteGlobalIDString = 0FA8A94827D71B82001F4DBF;
			remoteInfo = MovieReview;
		};
/* End PBXContainerItemProxy section */

/* Begin PBXFileReference section */
		0F0F0B5C27D880A6003D259F /* MovieListPresenter.swift */ = {isa = PBXFileReference; lastKnownFileType = sourcecode.swift; path = MovieListPresenter.swift; sourceTree = "<group>"; };
		0F0F0B5E27D88760003D259F /* MovieListCollectionViewCell.swift */ = {isa = PBXFileReference; lastKnownFileType = sourcecode.swift; path = MovieListCollectionViewCell.swift; sourceTree = "<group>"; };
		0F3A3F1827EFD29800EA3152 /* UserDefaultsManager.swift */ = {isa = PBXFileReference; lastKnownFileType = sourcecode.swift; path = UserDefaultsManager.swift; sourceTree = "<group>"; };
		0F3E6BA927E7F95700A87B02 /* MovieDetailViewController.swift */ = {isa = PBXFileReference; lastKnownFileType = sourcecode.swift; path = MovieDetailViewController.swift; sourceTree = "<group>"; };
		0F3E6BAB27E7F95F00A87B02 /* MovieDetailPresenter.swift */ = {isa = PBXFileReference; lastKnownFileType = sourcecode.swift; path = MovieDetailPresenter.swift; sourceTree = "<group>"; };
		0F4FF7E227D76ED6007B3073 /* MovieSearchRequestModel.swift */ = {isa = PBXFileReference; lastKnownFileType = sourcecode.swift; path = MovieSearchRequestModel.swift; sourceTree = "<group>"; };
		0F4FF7E427D76EFB007B3073 /* MovieSearchResponseModel.swift */ = {isa = PBXFileReference; lastKnownFileType = sourcecode.swift; path = MovieSearchResponseModel.swift; sourceTree = "<group>"; };
		0F4FF7E727D771D2007B3073 /* Movie.swift */ = {isa = PBXFileReference; lastKnownFileType = sourcecode.swift; path = Movie.swift; sourceTree = "<group>"; };
		0F4FF7E927D77251007B3073 /* MovieSearchManager.swift */ = {isa = PBXFileReference; lastKnownFileType = sourcecode.swift; path = MovieSearchManager.swift; sourceTree = "<group>"; };
		0FA8A94927D71B82001F4DBF /* MovieReview.app */ = {isa = PBXFileReference; explicitFileType = wrapper.application; includeInIndex = 0; path = MovieReview.app; sourceTree = BUILT_PRODUCTS_DIR; };
		0FA8A94C27D71B82001F4DBF /* AppDelegate.swift */ = {isa = PBXFileReference; lastKnownFileType = sourcecode.swift; path = AppDelegate.swift; sourceTree = "<group>"; };
		0FA8A94E27D71B82001F4DBF /* SceneDelegate.swift */ = {isa = PBXFileReference; lastKnownFileType = sourcecode.swift; path = SceneDelegate.swift; sourceTree = "<group>"; };
		0FA8A95027D71B82001F4DBF /* MovieListViewController.swift */ = {isa = PBXFileReference; lastKnownFileType = sourcecode.swift; path = MovieListViewController.swift; sourceTree = "<group>"; };
		0FA8A95527D71B84001F4DBF /* Assets.xcassets */ = {isa = PBXFileReference; lastKnownFileType = folder.assetcatalog; path = Assets.xcassets; sourceTree = "<group>"; };
		0FA8A95827D71B84001F4DBF /* Base */ = {isa = PBXFileReference; lastKnownFileType = file.storyboard; name = Base; path = Base.lproj/LaunchScreen.storyboard; sourceTree = "<group>"; };
		0FA8A95A27D71B84001F4DBF /* Info.plist */ = {isa = PBXFileReference; lastKnownFileType = text.plist.xml; path = Info.plist; sourceTree = "<group>"; };
		0FA8A95F27D71B84001F4DBF /* MovieReviewTests.xctest */ = {isa = PBXFileReference; explicitFileType = wrapper.cfbundle; includeInIndex = 0; path = MovieReviewTests.xctest; sourceTree = BUILT_PRODUCTS_DIR; };
		0FA8A96327D71B84001F4DBF /* MovieReviewTests.swift */ = {isa = PBXFileReference; lastKnownFileType = sourcecode.swift; path = MovieReviewTests.swift; sourceTree = "<group>"; };
		0FA8A96927D71B84001F4DBF /* MovieReviewUITests.xctest */ = {isa = PBXFileReference; explicitFileType = wrapper.cfbundle; includeInIndex = 0; path = MovieReviewUITests.xctest; sourceTree = BUILT_PRODUCTS_DIR; };
		0FA8A96D27D71B84001F4DBF /* MovieReviewUITests.swift */ = {isa = PBXFileReference; lastKnownFileType = sourcecode.swift; path = MovieReviewUITests.swift; sourceTree = "<group>"; };
		0FA8A96F27D71B84001F4DBF /* MovieReviewUITestsLaunchTests.swift */ = {isa = PBXFileReference; lastKnownFileType = sourcecode.swift; path = MovieReviewUITestsLaunchTests.swift; sourceTree = "<group>"; };
		0FEE180427EF3AC400DE38F6 /* MovieContentsStackView.swift */ = {isa = PBXFileReference; lastKnownFileType = sourcecode.swift; path = MovieContentsStackView.swift; sourceTree = "<group>"; };
		304A5FAE983D33364F8FD0E4 /* Pods-MovieReviewTests.debug.xcconfig */ = {isa = PBXFileReference; includeInIndex = 1; lastKnownFileType = text.xcconfig; name = "Pods-MovieReviewTests.debug.xcconfig"; path = "Target Support Files/Pods-MovieReviewTests/Pods-MovieReviewTests.debug.xcconfig"; sourceTree = "<group>"; };
		30BC6821BE5090619113C0E9 /* Pods-MovieReview.release.xcconfig */ = {isa = PBXFileReference; includeInIndex = 1; lastKnownFileType = text.xcconfig; name = "Pods-MovieReview.release.xcconfig"; path = "Target Support Files/Pods-MovieReview/Pods-MovieReview.release.xcconfig"; sourceTree = "<group>"; };
		56931269F0E77907F9DAB551 /* Pods_MovieReview_MovieReviewUITests.framework */ = {isa = PBXFileReference; explicitFileType = wrapper.framework; includeInIndex = 0; path = Pods_MovieReview_MovieReviewUITests.framework; sourceTree = BUILT_PRODUCTS_DIR; };
		59F891595B2AE9C96B30EE26 /* Pods-MovieReview-MovieReviewUITests.debug.xcconfig */ = {isa = PBXFileReference; includeInIndex = 1; lastKnownFileType = text.xcconfig; name = "Pods-MovieReview-MovieReviewUITests.debug.xcconfig"; path = "Target Support Files/Pods-MovieReview-MovieReviewUITests/Pods-MovieReview-MovieReviewUITests.debug.xcconfig"; sourceTree = "<group>"; };
		79C79B06B96417FDA4C27319 /* Pods-MovieReview.debug.xcconfig */ = {isa = PBXFileReference; includeInIndex = 1; lastKnownFileType = text.xcconfig; name = "Pods-MovieReview.debug.xcconfig"; path = "Target Support Files/Pods-MovieReview/Pods-MovieReview.debug.xcconfig"; sourceTree = "<group>"; };
		AA266C14F2BCADD1EBC58E5D /* Pods-MovieReview-MovieReviewUITests.release.xcconfig */ = {isa = PBXFileReference; includeInIndex = 1; lastKnownFileType = text.xcconfig; name = "Pods-MovieReview-MovieReviewUITests.release.xcconfig"; path = "Target Support Files/Pods-MovieReview-MovieReviewUITests/Pods-MovieReview-MovieReviewUITests.release.xcconfig"; sourceTree = "<group>"; };
		ACBEA281B39FCE9A1291DE8E /* Pods_MovieReviewTests.framework */ = {isa = PBXFileReference; explicitFileType = wrapper.framework; includeInIndex = 0; path = Pods_MovieReviewTests.framework; sourceTree = BUILT_PRODUCTS_DIR; };
		D79EB70D0DB18C12FDAE16DD /* Pods_MovieReview.framework */ = {isa = PBXFileReference; explicitFileType = wrapper.framework; includeInIndex = 0; path = Pods_MovieReview.framework; sourceTree = BUILT_PRODUCTS_DIR; };
		F98E27AD3A7EE72EC70241B2 /* Pods-MovieReviewTests.release.xcconfig */ = {isa = PBXFileReference; includeInIndex = 1; lastKnownFileType = text.xcconfig; name = "Pods-MovieReviewTests.release.xcconfig"; path = "Target Support Files/Pods-MovieReviewTests/Pods-MovieReviewTests.release.xcconfig"; sourceTree = "<group>"; };
/* End PBXFileReference section */

/* Begin PBXFrameworksBuildPhase section */
		0FA8A94627D71B82001F4DBF /* Frameworks */ = {
			isa = PBXFrameworksBuildPhase;
			buildActionMask = 2147483647;
			files = (
				E72AB0EC682893DE57569D51 /* Pods_MovieReview.framework in Frameworks */,
			);
			runOnlyForDeploymentPostprocessing = 0;
		};
		0FA8A95C27D71B84001F4DBF /* Frameworks */ = {
			isa = PBXFrameworksBuildPhase;
			buildActionMask = 2147483647;
			files = (
				D7F02D6B6CB856F90AE18E02 /* Pods_MovieReviewTests.framework in Frameworks */,
			);
			runOnlyForDeploymentPostprocessing = 0;
		};
		0FA8A96627D71B84001F4DBF /* Frameworks */ = {
			isa = PBXFrameworksBuildPhase;
			buildActionMask = 2147483647;
			files = (
				1274B90A26E8A3089FF7EEBB /* Pods_MovieReview_MovieReviewUITests.framework in Frameworks */,
			);
			runOnlyForDeploymentPostprocessing = 0;
		};
/* End PBXFrameworksBuildPhase section */

/* Begin PBXGroup section */
		00DC95591308C642C09241BE /* Frameworks */ = {
			isa = PBXGroup;
			children = (
				D79EB70D0DB18C12FDAE16DD /* Pods_MovieReview.framework */,
				56931269F0E77907F9DAB551 /* Pods_MovieReview_MovieReviewUITests.framework */,
				ACBEA281B39FCE9A1291DE8E /* Pods_MovieReviewTests.framework */,
			);
			name = Frameworks;
			sourceTree = "<group>";
		};
		0F0F0B6027D887E6003D259F /* MovieList */ = {
			isa = PBXGroup;
			children = (
				0FA8A95027D71B82001F4DBF /* MovieListViewController.swift */,
				0F0F0B5C27D880A6003D259F /* MovieListPresenter.swift */,
				0F0F0B5E27D88760003D259F /* MovieListCollectionViewCell.swift */,
			);
			path = MovieList;
			sourceTree = "<group>";
		};
		0F3E6BAD27E7F96600A87B02 /* MovieDetail */ = {
			isa = PBXGroup;
			children = (
				0F3E6BA927E7F95700A87B02 /* MovieDetailViewController.swift */,
				0F3E6BAB27E7F95F00A87B02 /* MovieDetailPresenter.swift */,
				0FEE180427EF3AC400DE38F6 /* MovieContentsStackView.swift */,
			);
			path = MovieDetail;
			sourceTree = "<group>";
		};
		0F4FF7E127D76EC2007B3073 /* Scenes */ = {
			isa = PBXGroup;
			children = (
				0F0F0B6027D887E6003D259F /* MovieList */,
				0F3E6BAD27E7F96600A87B02 /* MovieDetail */,
			);
			path = Scenes;
			sourceTree = "<group>";
		};
		0F4FF7E627D76F02007B3073 /* Models */ = {
			isa = PBXGroup;
			children = (
				0F4FF7E227D76ED6007B3073 /* MovieSearchRequestModel.swift */,
				0F4FF7E427D76EFB007B3073 /* MovieSearchResponseModel.swift */,
				0F4FF7E727D771D2007B3073 /* Movie.swift */,
			);
			path = Models;
			sourceTree = "<group>";
		};
		0F4FF7EB27D7725C007B3073 /* Manager */ = {
			isa = PBXGroup;
			children = (
				0F4FF7E927D77251007B3073 /* MovieSearchManager.swift */,
				0F3A3F1827EFD29800EA3152 /* UserDefaultsManager.swift */,
			);
			path = Manager;
			sourceTree = "<group>";
		};
		0FA8A94027D71B82001F4DBF = {
			isa = PBXGroup;
			children = (
				0FA8A94B27D71B82001F4DBF /* MovieReview */,
				0FA8A96227D71B84001F4DBF /* MovieReviewTests */,
				0FA8A96C27D71B84001F4DBF /* MovieReviewUITests */,
				0FA8A94A27D71B82001F4DBF /* Products */,
				E1AFACF3A079688E6A868C03 /* Pods */,
				00DC95591308C642C09241BE /* Frameworks */,
			);
			sourceTree = "<group>";
		};
		0FA8A94A27D71B82001F4DBF /* Products */ = {
			isa = PBXGroup;
			children = (
				0FA8A94927D71B82001F4DBF /* MovieReview.app */,
				0FA8A95F27D71B84001F4DBF /* MovieReviewTests.xctest */,
				0FA8A96927D71B84001F4DBF /* MovieReviewUITests.xctest */,
			);
			name = Products;
			sourceTree = "<group>";
		};
		0FA8A94B27D71B82001F4DBF /* MovieReview */ = {
			isa = PBXGroup;
			children = (
				0FA8A94C27D71B82001F4DBF /* AppDelegate.swift */,
				0FA8A94E27D71B82001F4DBF /* SceneDelegate.swift */,
				0F4FF7EB27D7725C007B3073 /* Manager */,
				0F4FF7E627D76F02007B3073 /* Models */,
				0F4FF7E127D76EC2007B3073 /* Scenes */,
				0FA8A95527D71B84001F4DBF /* Assets.xcassets */,
				0FA8A95727D71B84001F4DBF /* LaunchScreen.storyboard */,
				0FA8A95A27D71B84001F4DBF /* Info.plist */,
			);
			path = MovieReview;
			sourceTree = "<group>";
		};
		0FA8A96227D71B84001F4DBF /* MovieReviewTests */ = {
			isa = PBXGroup;
			children = (
				0FA8A96327D71B84001F4DBF /* MovieReviewTests.swift */,
			);
			path = MovieReviewTests;
			sourceTree = "<group>";
		};
		0FA8A96C27D71B84001F4DBF /* MovieReviewUITests */ = {
			isa = PBXGroup;
			children = (
				0FA8A96D27D71B84001F4DBF /* MovieReviewUITests.swift */,
				0FA8A96F27D71B84001F4DBF /* MovieReviewUITestsLaunchTests.swift */,
			);
			path = MovieReviewUITests;
			sourceTree = "<group>";
		};
		E1AFACF3A079688E6A868C03 /* Pods */ = {
			isa = PBXGroup;
			children = (
				79C79B06B96417FDA4C27319 /* Pods-MovieReview.debug.xcconfig */,
				30BC6821BE5090619113C0E9 /* Pods-MovieReview.release.xcconfig */,
				59F891595B2AE9C96B30EE26 /* Pods-MovieReview-MovieReviewUITests.debug.xcconfig */,
				AA266C14F2BCADD1EBC58E5D /* Pods-MovieReview-MovieReviewUITests.release.xcconfig */,
				304A5FAE983D33364F8FD0E4 /* Pods-MovieReviewTests.debug.xcconfig */,
				F98E27AD3A7EE72EC70241B2 /* Pods-MovieReviewTests.release.xcconfig */,
			);
			path = Pods;
			sourceTree = "<group>";
		};
/* End PBXGroup section */

/* Begin PBXNativeTarget section */
		0FA8A94827D71B82001F4DBF /* MovieReview */ = {
			isa = PBXNativeTarget;
			buildConfigurationList = 0FA8A97327D71B84001F4DBF /* Build configuration list for PBXNativeTarget "MovieReview" */;
			buildPhases = (
				267E2690EC7778229455B25E /* [CP] Check Pods Manifest.lock */,
				0FA8A94527D71B82001F4DBF /* Sources */,
				0FA8A94627D71B82001F4DBF /* Frameworks */,
				0FA8A94727D71B82001F4DBF /* Resources */,
				F7E1348368125D0A334594AE /* [CP] Embed Pods Frameworks */,
				0F4FF7E027D76B57007B3073 /* SwiftLint */,
			);
			buildRules = (
			);
			dependencies = (
			);
			name = MovieReview;
			productName = MovieReview;
			productReference = 0FA8A94927D71B82001F4DBF /* MovieReview.app */;
			productType = "com.apple.product-type.application";
		};
		0FA8A95E27D71B84001F4DBF /* MovieReviewTests */ = {
			isa = PBXNativeTarget;
			buildConfigurationList = 0FA8A97627D71B84001F4DBF /* Build configuration list for PBXNativeTarget "MovieReviewTests" */;
			buildPhases = (
				567301A59F408C664FD300D6 /* [CP] Check Pods Manifest.lock */,
				0FA8A95B27D71B84001F4DBF /* Sources */,
				0FA8A95C27D71B84001F4DBF /* Frameworks */,
				0FA8A95D27D71B84001F4DBF /* Resources */,
			);
			buildRules = (
			);
			dependencies = (
				0FA8A96127D71B84001F4DBF /* PBXTargetDependency */,
			);
			name = MovieReviewTests;
			productName = MovieReviewTests;
			productReference = 0FA8A95F27D71B84001F4DBF /* MovieReviewTests.xctest */;
			productType = "com.apple.product-type.bundle.unit-test";
		};
		0FA8A96827D71B84001F4DBF /* MovieReviewUITests */ = {
			isa = PBXNativeTarget;
			buildConfigurationList = 0FA8A97927D71B84001F4DBF /* Build configuration list for PBXNativeTarget "MovieReviewUITests" */;
			buildPhases = (
				F7B4B34EB16F7B7520106173 /* [CP] Check Pods Manifest.lock */,
				0FA8A96527D71B84001F4DBF /* Sources */,
				0FA8A96627D71B84001F4DBF /* Frameworks */,
				0FA8A96727D71B84001F4DBF /* Resources */,
				50161EE1185885244A908C60 /* [CP] Embed Pods Frameworks */,
			);
			buildRules = (
			);
			dependencies = (
				0FA8A96B27D71B84001F4DBF /* PBXTargetDependency */,
			);
			name = MovieReviewUITests;
			productName = MovieReviewUITests;
			productReference = 0FA8A96927D71B84001F4DBF /* MovieReviewUITests.xctest */;
			productType = "com.apple.product-type.bundle.ui-testing";
		};
/* End PBXNativeTarget section */

/* Begin PBXProject section */
		0FA8A94127D71B82001F4DBF /* Project object */ = {
			isa = PBXProject;
			attributes = {
				BuildIndependentTargetsInParallel = 1;
				LastSwiftUpdateCheck = 1320;
				LastUpgradeCheck = 1320;
				TargetAttributes = {
					0FA8A94827D71B82001F4DBF = {
						CreatedOnToolsVersion = 13.2.1;
					};
					0FA8A95E27D71B84001F4DBF = {
						CreatedOnToolsVersion = 13.2.1;
						TestTargetID = 0FA8A94827D71B82001F4DBF;
					};
					0FA8A96827D71B84001F4DBF = {
						CreatedOnToolsVersion = 13.2.1;
						TestTargetID = 0FA8A94827D71B82001F4DBF;
					};
				};
			};
			buildConfigurationList = 0FA8A94427D71B82001F4DBF /* Build configuration list for PBXProject "MovieReview" */;
			compatibilityVersion = "Xcode 13.0";
			developmentRegion = en;
			hasScannedForEncodings = 0;
			knownRegions = (
				en,
				Base,
			);
			mainGroup = 0FA8A94027D71B82001F4DBF;
			productRefGroup = 0FA8A94A27D71B82001F4DBF /* Products */;
			projectDirPath = "";
			projectRoot = "";
			targets = (
				0FA8A94827D71B82001F4DBF /* MovieReview */,
				0FA8A95E27D71B84001F4DBF /* MovieReviewTests */,
				0FA8A96827D71B84001F4DBF /* MovieReviewUITests */,
			);
		};
/* End PBXProject section */

/* Begin PBXResourcesBuildPhase section */
		0FA8A94727D71B82001F4DBF /* Resources */ = {
			isa = PBXResourcesBuildPhase;
			buildActionMask = 2147483647;
			files = (
				0FA8A95927D71B84001F4DBF /* LaunchScreen.storyboard in Resources */,
				0FA8A95627D71B84001F4DBF /* Assets.xcassets in Resources */,
			);
			runOnlyForDeploymentPostprocessing = 0;
		};
		0FA8A95D27D71B84001F4DBF /* Resources */ = {
			isa = PBXResourcesBuildPhase;
			buildActionMask = 2147483647;
			files = (
			);
			runOnlyForDeploymentPostprocessing = 0;
		};
		0FA8A96727D71B84001F4DBF /* Resources */ = {
			isa = PBXResourcesBuildPhase;
			buildActionMask = 2147483647;
			files = (
			);
			runOnlyForDeploymentPostprocessing = 0;
		};
/* End PBXResourcesBuildPhase section */

/* Begin PBXShellScriptBuildPhase section */
		0F4FF7E027D76B57007B3073 /* SwiftLint */ = {
			isa = PBXShellScriptBuildPhase;
			buildActionMask = 2147483647;
			files = (
			);
			inputFileListPaths = (
			);
			inputPaths = (
			);
			name = SwiftLint;
			outputFileListPaths = (
			);
			outputPaths = (
			);
			runOnlyForDeploymentPostprocessing = 0;
			shellPath = /bin/sh;
			shellScript = "#${PODS_ROOT}/SwiftLint/swiftlint\n";
		};
		267E2690EC7778229455B25E /* [CP] Check Pods Manifest.lock */ = {
			isa = PBXShellScriptBuildPhase;
			buildActionMask = 2147483647;
			files = (
			);
			inputFileListPaths = (
			);
			inputPaths = (
				"${PODS_PODFILE_DIR_PATH}/Podfile.lock",
				"${PODS_ROOT}/Manifest.lock",
			);
			name = "[CP] Check Pods Manifest.lock";
			outputFileListPaths = (
			);
			outputPaths = (
				"$(DERIVED_FILE_DIR)/Pods-MovieReview-checkManifestLockResult.txt",
			);
			runOnlyForDeploymentPostprocessing = 0;
			shellPath = /bin/sh;
			shellScript = "diff \"${PODS_PODFILE_DIR_PATH}/Podfile.lock\" \"${PODS_ROOT}/Manifest.lock\" > /dev/null\nif [ $? != 0 ] ; then\n    # print error to STDERR\n    echo \"error: The sandbox is not in sync with the Podfile.lock. Run 'pod install' or update your CocoaPods installation.\" >&2\n    exit 1\nfi\n# This output is used by Xcode 'outputs' to avoid re-running this script phase.\necho \"SUCCESS\" > \"${SCRIPT_OUTPUT_FILE_0}\"\n";
			showEnvVarsInLog = 0;
		};
		50161EE1185885244A908C60 /* [CP] Embed Pods Frameworks */ = {
			isa = PBXShellScriptBuildPhase;
			buildActionMask = 2147483647;
			files = (
			);
			inputFileListPaths = (
				"${PODS_ROOT}/Target Support Files/Pods-MovieReview-MovieReviewUITests/Pods-MovieReview-MovieReviewUITests-frameworks-${CONFIGURATION}-input-files.xcfilelist",
			);
			name = "[CP] Embed Pods Frameworks";
			outputFileListPaths = (
				"${PODS_ROOT}/Target Support Files/Pods-MovieReview-MovieReviewUITests/Pods-MovieReview-MovieReviewUITests-frameworks-${CONFIGURATION}-output-files.xcfilelist",
			);
			runOnlyForDeploymentPostprocessing = 0;
			shellPath = /bin/sh;
			shellScript = "\"${PODS_ROOT}/Target Support Files/Pods-MovieReview-MovieReviewUITests/Pods-MovieReview-MovieReviewUITests-frameworks.sh\"\n";
			showEnvVarsInLog = 0;
		};
		567301A59F408C664FD300D6 /* [CP] Check Pods Manifest.lock */ = {
			isa = PBXShellScriptBuildPhase;
			buildActionMask = 2147483647;
			files = (
			);
			inputFileListPaths = (
			);
			inputPaths = (
				"${PODS_PODFILE_DIR_PATH}/Podfile.lock",
				"${PODS_ROOT}/Manifest.lock",
			);
			name = "[CP] Check Pods Manifest.lock";
			outputFileListPaths = (
			);
			outputPaths = (
				"$(DERIVED_FILE_DIR)/Pods-MovieReviewTests-checkManifestLockResult.txt",
			);
			runOnlyForDeploymentPostprocessing = 0;
			shellPath = /bin/sh;
			shellScript = "diff \"${PODS_PODFILE_DIR_PATH}/Podfile.lock\" \"${PODS_ROOT}/Manifest.lock\" > /dev/null\nif [ $? != 0 ] ; then\n    # print error to STDERR\n    echo \"error: The sandbox is not in sync with the Podfile.lock. Run 'pod install' or update your CocoaPods installation.\" >&2\n    exit 1\nfi\n# This output is used by Xcode 'outputs' to avoid re-running this script phase.\necho \"SUCCESS\" > \"${SCRIPT_OUTPUT_FILE_0}\"\n";
			showEnvVarsInLog = 0;
		};
		F7B4B34EB16F7B7520106173 /* [CP] Check Pods Manifest.lock */ = {
			isa = PBXShellScriptBuildPhase;
			buildActionMask = 2147483647;
			files = (
			);
			inputFileListPaths = (
			);
			inputPaths = (
				"${PODS_PODFILE_DIR_PATH}/Podfile.lock",
				"${PODS_ROOT}/Manifest.lock",
			);
			name = "[CP] Check Pods Manifest.lock";
			outputFileListPaths = (
			);
			outputPaths = (
				"$(DERIVED_FILE_DIR)/Pods-MovieReview-MovieReviewUITests-checkManifestLockResult.txt",
			);
			runOnlyForDeploymentPostprocessing = 0;
			shellPath = /bin/sh;
			shellScript = "diff \"${PODS_PODFILE_DIR_PATH}/Podfile.lock\" \"${PODS_ROOT}/Manifest.lock\" > /dev/null\nif [ $? != 0 ] ; then\n    # print error to STDERR\n    echo \"error: The sandbox is not in sync with the Podfile.lock. Run 'pod install' or update your CocoaPods installation.\" >&2\n    exit 1\nfi\n# This output is used by Xcode 'outputs' to avoid re-running this script phase.\necho \"SUCCESS\" > \"${SCRIPT_OUTPUT_FILE_0}\"\n";
			showEnvVarsInLog = 0;
		};
		F7E1348368125D0A334594AE /* [CP] Embed Pods Frameworks */ = {
			isa = PBXShellScriptBuildPhase;
			buildActionMask = 2147483647;
			files = (
			);
			inputFileListPaths = (
				"${PODS_ROOT}/Target Support Files/Pods-MovieReview/Pods-MovieReview-frameworks-${CONFIGURATION}-input-files.xcfilelist",
			);
			name = "[CP] Embed Pods Frameworks";
			outputFileListPaths = (
				"${PODS_ROOT}/Target Support Files/Pods-MovieReview/Pods-MovieReview-frameworks-${CONFIGURATION}-output-files.xcfilelist",
			);
			runOnlyForDeploymentPostprocessing = 0;
			shellPath = /bin/sh;
			shellScript = "\"${PODS_ROOT}/Target Support Files/Pods-MovieReview/Pods-MovieReview-frameworks.sh\"\n";
			showEnvVarsInLog = 0;
		};
/* End PBXShellScriptBuildPhase section */

/* Begin PBXSourcesBuildPhase section */
		0FA8A94527D71B82001F4DBF /* Sources */ = {
			isa = PBXSourcesBuildPhase;
			buildActionMask = 2147483647;
			files = (
				0F4FF7E527D76EFB007B3073 /* MovieSearchResponseModel.swift in Sources */,
				0F4FF7E327D76ED6007B3073 /* MovieSearchRequestModel.swift in Sources */,
				0F4FF7E827D771D2007B3073 /* Movie.swift in Sources */,
				0F3A3F1927EFD29800EA3152 /* UserDefaultsManager.swift in Sources */,
				0FA8A95127D71B82001F4DBF /* MovieListViewController.swift in Sources */,
				0F0F0B5F27D88760003D259F /* MovieListCollectionViewCell.swift in Sources */,
				0FA8A94D27D71B82001F4DBF /* AppDelegate.swift in Sources */,
				0FEE180527EF3AC400DE38F6 /* MovieContentsStackView.swift in Sources */,
				0F3E6BAA27E7F95700A87B02 /* MovieDetailViewController.swift in Sources */,
				0F3E6BAC27E7F95F00A87B02 /* MovieDetailPresenter.swift in Sources */,
				0F4FF7EA27D77251007B3073 /* MovieSearchManager.swift in Sources */,
				0FA8A94F27D71B82001F4DBF /* SceneDelegate.swift in Sources */,
				0F0F0B5D27D880A6003D259F /* MovieListPresenter.swift in Sources */,
			);
			runOnlyForDeploymentPostprocessing = 0;
		};
		0FA8A95B27D71B84001F4DBF /* Sources */ = {
			isa = PBXSourcesBuildPhase;
			buildActionMask = 2147483647;
			files = (
				0FA8A96427D71B84001F4DBF /* MovieReviewTests.swift in Sources */,
			);
			runOnlyForDeploymentPostprocessing = 0;
		};
		0FA8A96527D71B84001F4DBF /* Sources */ = {
			isa = PBXSourcesBuildPhase;
			buildActionMask = 2147483647;
			files = (
				0FA8A96E27D71B84001F4DBF /* MovieReviewUITests.swift in Sources */,
				0FA8A97027D71B84001F4DBF /* MovieReviewUITestsLaunchTests.swift in Sources */,
			);
			runOnlyForDeploymentPostprocessing = 0;
		};
/* End PBXSourcesBuildPhase section */

/* Begin PBXTargetDependency section */
		0FA8A96127D71B84001F4DBF /* PBXTargetDependency */ = {
			isa = PBXTargetDependency;
			target = 0FA8A94827D71B82001F4DBF /* MovieReview */;
			targetProxy = 0FA8A96027D71B84001F4DBF /* PBXContainerItemProxy */;
		};
		0FA8A96B27D71B84001F4DBF /* PBXTargetDependency */ = {
			isa = PBXTargetDependency;
			target = 0FA8A94827D71B82001F4DBF /* MovieReview */;
			targetProxy = 0FA8A96A27D71B84001F4DBF /* PBXContainerItemProxy */;
		};
/* End PBXTargetDependency section */

/* Begin PBXVariantGroup section */
		0FA8A95727D71B84001F4DBF /* LaunchScreen.storyboard */ = {
			isa = PBXVariantGroup;
			children = (
				0FA8A95827D71B84001F4DBF /* Base */,
			);
			name = LaunchScreen.storyboard;
			sourceTree = "<group>";
		};
/* End PBXVariantGroup section */

/* Begin XCBuildConfiguration section */
		0FA8A97127D71B84001F4DBF /* Debug */ = {
			isa = XCBuildConfiguration;
			buildSettings = {
				ALWAYS_SEARCH_USER_PATHS = NO;
				CLANG_ANALYZER_NONNULL = YES;
				CLANG_ANALYZER_NUMBER_OBJECT_CONVERSION = YES_AGGRESSIVE;
				CLANG_CXX_LANGUAGE_STANDARD = "gnu++17";
				CLANG_CXX_LIBRARY = "libc++";
				CLANG_ENABLE_MODULES = YES;
				CLANG_ENABLE_OBJC_ARC = YES;
				CLANG_ENABLE_OBJC_WEAK = YES;
				CLANG_WARN_BLOCK_CAPTURE_AUTORELEASING = YES;
				CLANG_WARN_BOOL_CONVERSION = YES;
				CLANG_WARN_COMMA = YES;
				CLANG_WARN_CONSTANT_CONVERSION = YES;
				CLANG_WARN_DEPRECATED_OBJC_IMPLEMENTATIONS = YES;
				CLANG_WARN_DIRECT_OBJC_ISA_USAGE = YES_ERROR;
				CLANG_WARN_DOCUMENTATION_COMMENTS = YES;
				CLANG_WARN_EMPTY_BODY = YES;
				CLANG_WARN_ENUM_CONVERSION = YES;
				CLANG_WARN_INFINITE_RECURSION = YES;
				CLANG_WARN_INT_CONVERSION = YES;
				CLANG_WARN_NON_LITERAL_NULL_CONVERSION = YES;
				CLANG_WARN_OBJC_IMPLICIT_RETAIN_SELF = YES;
				CLANG_WARN_OBJC_LITERAL_CONVERSION = YES;
				CLANG_WARN_OBJC_ROOT_CLASS = YES_ERROR;
				CLANG_WARN_QUOTED_INCLUDE_IN_FRAMEWORK_HEADER = YES;
				CLANG_WARN_RANGE_LOOP_ANALYSIS = YES;
				CLANG_WARN_STRICT_PROTOTYPES = YES;
				CLANG_WARN_SUSPICIOUS_MOVE = YES;
				CLANG_WARN_UNGUARDED_AVAILABILITY = YES_AGGRESSIVE;
				CLANG_WARN_UNREACHABLE_CODE = YES;
				CLANG_WARN__DUPLICATE_METHOD_MATCH = YES;
				COPY_PHASE_STRIP = NO;
				DEBUG_INFORMATION_FORMAT = dwarf;
				ENABLE_STRICT_OBJC_MSGSEND = YES;
				ENABLE_TESTABILITY = YES;
				GCC_C_LANGUAGE_STANDARD = gnu11;
				GCC_DYNAMIC_NO_PIC = NO;
				GCC_NO_COMMON_BLOCKS = YES;
				GCC_OPTIMIZATION_LEVEL = 0;
				GCC_PREPROCESSOR_DEFINITIONS = (
					"DEBUG=1",
					"$(inherited)",
				);
				GCC_WARN_64_TO_32_BIT_CONVERSION = YES;
				GCC_WARN_ABOUT_RETURN_TYPE = YES_ERROR;
				GCC_WARN_UNDECLARED_SELECTOR = YES;
				GCC_WARN_UNINITIALIZED_AUTOS = YES_AGGRESSIVE;
				GCC_WARN_UNUSED_FUNCTION = YES;
				GCC_WARN_UNUSED_VARIABLE = YES;
				IPHONEOS_DEPLOYMENT_TARGET = 15.0;
				MTL_ENABLE_DEBUG_INFO = INCLUDE_SOURCE;
				MTL_FAST_MATH = YES;
				ONLY_ACTIVE_ARCH = YES;
				SDKROOT = iphoneos;
				SWIFT_ACTIVE_COMPILATION_CONDITIONS = DEBUG;
				SWIFT_OPTIMIZATION_LEVEL = "-Onone";
			};
			name = Debug;
		};
		0FA8A97227D71B84001F4DBF /* Release */ = {
			isa = XCBuildConfiguration;
			buildSettings = {
				ALWAYS_SEARCH_USER_PATHS = NO;
				CLANG_ANALYZER_NONNULL = YES;
				CLANG_ANALYZER_NUMBER_OBJECT_CONVERSION = YES_AGGRESSIVE;
				CLANG_CXX_LANGUAGE_STANDARD = "gnu++17";
				CLANG_CXX_LIBRARY = "libc++";
				CLANG_ENABLE_MODULES = YES;
				CLANG_ENABLE_OBJC_ARC = YES;
				CLANG_ENABLE_OBJC_WEAK = YES;
				CLANG_WARN_BLOCK_CAPTURE_AUTORELEASING = YES;
				CLANG_WARN_BOOL_CONVERSION = YES;
				CLANG_WARN_COMMA = YES;
				CLANG_WARN_CONSTANT_CONVERSION = YES;
				CLANG_WARN_DEPRECATED_OBJC_IMPLEMENTATIONS = YES;
				CLANG_WARN_DIRECT_OBJC_ISA_USAGE = YES_ERROR;
				CLANG_WARN_DOCUMENTATION_COMMENTS = YES;
				CLANG_WARN_EMPTY_BODY = YES;
				CLANG_WARN_ENUM_CONVERSION = YES;
				CLANG_WARN_INFINITE_RECURSION = YES;
				CLANG_WARN_INT_CONVERSION = YES;
				CLANG_WARN_NON_LITERAL_NULL_CONVERSION = YES;
				CLANG_WARN_OBJC_IMPLICIT_RETAIN_SELF = YES;
				CLANG_WARN_OBJC_LITERAL_CONVERSION = YES;
				CLANG_WARN_OBJC_ROOT_CLASS = YES_ERROR;
				CLANG_WARN_QUOTED_INCLUDE_IN_FRAMEWORK_HEADER = YES;
				CLANG_WARN_RANGE_LOOP_ANALYSIS = YES;
				CLANG_WARN_STRICT_PROTOTYPES = YES;
				CLANG_WARN_SUSPICIOUS_MOVE = YES;
				CLANG_WARN_UNGUARDED_AVAILABILITY = YES_AGGRESSIVE;
				CLANG_WARN_UNREACHABLE_CODE = YES;
				CLANG_WARN__DUPLICATE_METHOD_MATCH = YES;
				COPY_PHASE_STRIP = NO;
				DEBUG_INFORMATION_FORMAT = "dwarf-with-dsym";
				ENABLE_NS_ASSERTIONS = NO;
				ENABLE_STRICT_OBJC_MSGSEND = YES;
				GCC_C_LANGUAGE_STANDARD = gnu11;
				GCC_NO_COMMON_BLOCKS = YES;
				GCC_WARN_64_TO_32_BIT_CONVERSION = YES;
				GCC_WARN_ABOUT_RETURN_TYPE = YES_ERROR;
				GCC_WARN_UNDECLARED_SELECTOR = YES;
				GCC_WARN_UNINITIALIZED_AUTOS = YES_AGGRESSIVE;
				GCC_WARN_UNUSED_FUNCTION = YES;
				GCC_WARN_UNUSED_VARIABLE = YES;
				IPHONEOS_DEPLOYMENT_TARGET = 15.0;
				MTL_ENABLE_DEBUG_INFO = NO;
				MTL_FAST_MATH = YES;
				SDKROOT = iphoneos;
				SWIFT_COMPILATION_MODE = wholemodule;
				SWIFT_OPTIMIZATION_LEVEL = "-O";
				VALIDATE_PRODUCT = YES;
			};
			name = Release;
		};
		0FA8A97427D71B84001F4DBF /* Debug */ = {
			isa = XCBuildConfiguration;
			baseConfigurationReference = 79C79B06B96417FDA4C27319 /* Pods-MovieReview.debug.xcconfig */;
			buildSettings = {
				ASSETCATALOG_COMPILER_APPICON_NAME = AppIcon;
				ASSETCATALOG_COMPILER_GLOBAL_ACCENT_COLOR_NAME = AccentColor;
				CODE_SIGN_STYLE = Automatic;
				CURRENT_PROJECT_VERSION = 1;
				DEVELOPMENT_TEAM = J7MH5N2BKX;
				GENERATE_INFOPLIST_FILE = YES;
				INFOPLIST_FILE = MovieReview/Info.plist;
				INFOPLIST_KEY_UIApplicationSupportsIndirectInputEvents = YES;
				INFOPLIST_KEY_UILaunchStoryboardName = LaunchScreen;
				INFOPLIST_KEY_UISupportedInterfaceOrientations_iPad = "UIInterfaceOrientationPortrait UIInterfaceOrientationPortraitUpsideDown UIInterfaceOrientationLandscapeLeft UIInterfaceOrientationLandscapeRight";
				INFOPLIST_KEY_UISupportedInterfaceOrientations_iPhone = "UIInterfaceOrientationPortrait UIInterfaceOrientationLandscapeLeft UIInterfaceOrientationLandscapeRight";
				IPHONEOS_DEPLOYMENT_TARGET = 15.0;
				LD_RUNPATH_SEARCH_PATHS = (
					"$(inherited)",
					"@executable_path/Frameworks",
				);
				MARKETING_VERSION = 1.0;
				PRODUCT_BUNDLE_IDENTIFIER = com.byougil.youn.MovieReview;
				PRODUCT_NAME = "$(TARGET_NAME)";
				SWIFT_EMIT_LOC_STRINGS = YES;
				SWIFT_VERSION = 5.0;
				TARGETED_DEVICE_FAMILY = "1,2";
			};
			name = Debug;
		};
		0FA8A97527D71B84001F4DBF /* Release */ = {
			isa = XCBuildConfiguration;
			baseConfigurationReference = 30BC6821BE5090619113C0E9 /* Pods-MovieReview.release.xcconfig */;
			buildSettings = {
				ASSETCATALOG_COMPILER_APPICON_NAME = AppIcon;
				ASSETCATALOG_COMPILER_GLOBAL_ACCENT_COLOR_NAME = AccentColor;
				CODE_SIGN_STYLE = Automatic;
				CURRENT_PROJECT_VERSION = 1;
				DEVELOPMENT_TEAM = J7MH5N2BKX;
				GENERATE_INFOPLIST_FILE = YES;
				INFOPLIST_FILE = MovieReview/Info.plist;
				INFOPLIST_KEY_UIApplicationSupportsIndirectInputEvents = YES;
				INFOPLIST_KEY_UILaunchStoryboardName = LaunchScreen;
				INFOPLIST_KEY_UISupportedInterfaceOrientations_iPad = "UIInterfaceOrientationPortrait UIInterfaceOrientationPortraitUpsideDown UIInterfaceOrientationLandscapeLeft UIInterfaceOrientationLandscapeRight";
				INFOPLIST_KEY_UISupportedInterfaceOrientations_iPhone = "UIInterfaceOrientationPortrait UIInterfaceOrientationLandscapeLeft UIInterfaceOrientationLandscapeRight";
				IPHONEOS_DEPLOYMENT_TARGET = 15.0;
				LD_RUNPATH_SEARCH_PATHS = (
					"$(inherited)",
					"@executable_path/Frameworks",
				);
				MARKETING_VERSION = 1.0;
				PRODUCT_BUNDLE_IDENTIFIER = com.byougil.youn.MovieReview;
				PRODUCT_NAME = "$(TARGET_NAME)";
				SWIFT_EMIT_LOC_STRINGS = YES;
				SWIFT_VERSION = 5.0;
				TARGETED_DEVICE_FAMILY = "1,2";
			};
			name = Release;
		};
		0FA8A97727D71B84001F4DBF /* Debug */ = {
			isa = XCBuildConfiguration;
			baseConfigurationReference = 304A5FAE983D33364F8FD0E4 /* Pods-MovieReviewTests.debug.xcconfig */;
			buildSettings = {
				ALWAYS_EMBED_SWIFT_STANDARD_LIBRARIES = YES;
				BUNDLE_LOADER = "$(TEST_HOST)";
				CODE_SIGN_STYLE = Automatic;
				CURRENT_PROJECT_VERSION = 1;
				DEVELOPMENT_TEAM = J7MH5N2BKX;
				GENERATE_INFOPLIST_FILE = YES;
				IPHONEOS_DEPLOYMENT_TARGET = 15.2;
				MARKETING_VERSION = 1.0;
				PRODUCT_BUNDLE_IDENTIFIER = com.byougil.youn.MovieReviewTests;
				PRODUCT_NAME = "$(TARGET_NAME)";
				SWIFT_EMIT_LOC_STRINGS = NO;
				SWIFT_VERSION = 5.0;
				TARGETED_DEVICE_FAMILY = "1,2";
				TEST_HOST = "$(BUILT_PRODUCTS_DIR)/MovieReview.app/MovieReview";
			};
			name = Debug;
		};
		0FA8A97827D71B84001F4DBF /* Release */ = {
			isa = XCBuildConfiguration;
			baseConfigurationReference = F98E27AD3A7EE72EC70241B2 /* Pods-MovieReviewTests.release.xcconfig */;
			buildSettings = {
				ALWAYS_EMBED_SWIFT_STANDARD_LIBRARIES = YES;
				BUNDLE_LOADER = "$(TEST_HOST)";
				CODE_SIGN_STYLE = Automatic;
				CURRENT_PROJECT_VERSION = 1;
				DEVELOPMENT_TEAM = J7MH5N2BKX;
				GENERATE_INFOPLIST_FILE = YES;
				IPHONEOS_DEPLOYMENT_TARGET = 15.2;
				MARKETING_VERSION = 1.0;
				PRODUCT_BUNDLE_IDENTIFIER = com.byougil.youn.MovieReviewTests;
				PRODUCT_NAME = "$(TARGET_NAME)";
				SWIFT_EMIT_LOC_STRINGS = NO;
				SWIFT_VERSION = 5.0;
				TARGETED_DEVICE_FAMILY = "1,2";
				TEST_HOST = "$(BUILT_PRODUCTS_DIR)/MovieReview.app/MovieReview";
			};
			name = Release;
		};
		0FA8A97A27D71B84001F4DBF /* Debug */ = {
			isa = XCBuildConfiguration;
			baseConfigurationReference = 59F891595B2AE9C96B30EE26 /* Pods-MovieReview-MovieReviewUITests.debug.xcconfig */;
			buildSettings = {
				ALWAYS_EMBED_SWIFT_STANDARD_LIBRARIES = YES;
				CODE_SIGN_STYLE = Automatic;
				CURRENT_PROJECT_VERSION = 1;
				DEVELOPMENT_TEAM = J7MH5N2BKX;
				GENERATE_INFOPLIST_FILE = YES;
				MARKETING_VERSION = 1.0;
				PRODUCT_BUNDLE_IDENTIFIER = com.byougil.youn.MovieReviewUITests;
				PRODUCT_NAME = "$(TARGET_NAME)";
				SWIFT_EMIT_LOC_STRINGS = NO;
				SWIFT_VERSION = 5.0;
				TARGETED_DEVICE_FAMILY = "1,2";
				TEST_TARGET_NAME = MovieReview;
			};
			name = Debug;
		};
		0FA8A97B27D71B84001F4DBF /* Release */ = {
			isa = XCBuildConfiguration;
			baseConfigurationReference = AA266C14F2BCADD1EBC58E5D /* Pods-MovieReview-MovieReviewUITests.release.xcconfig */;
			buildSettings = {
				ALWAYS_EMBED_SWIFT_STANDARD_LIBRARIES = YES;
				CODE_SIGN_STYLE = Automatic;
				CURRENT_PROJECT_VERSION = 1;
				DEVELOPMENT_TEAM = J7MH5N2BKX;
				GENERATE_INFOPLIST_FILE = YES;
				MARKETING_VERSION = 1.0;
				PRODUCT_BUNDLE_IDENTIFIER = com.byougil.youn.MovieReviewUITests;
				PRODUCT_NAME = "$(TARGET_NAME)";
				SWIFT_EMIT_LOC_STRINGS = NO;
				SWIFT_VERSION = 5.0;
				TARGETED_DEVICE_FAMILY = "1,2";
				TEST_TARGET_NAME = MovieReview;
			};
			name = Release;
		};
/* End XCBuildConfiguration section */

/* Begin XCConfigurationList section */
		0FA8A94427D71B82001F4DBF /* Build configuration list for PBXProject "MovieReview" */ = {
			isa = XCConfigurationList;
			buildConfigurations = (
				0FA8A97127D71B84001F4DBF /* Debug */,
				0FA8A97227D71B84001F4DBF /* Release */,
			);
			defaultConfigurationIsVisible = 0;
			defaultConfigurationName = Release;
		};
		0FA8A97327D71B84001F4DBF /* Build configuration list for PBXNativeTarget "MovieReview" */ = {
			isa = XCConfigurationList;
			buildConfigurations = (
				0FA8A97427D71B84001F4DBF /* Debug */,
				0FA8A97527D71B84001F4DBF /* Release */,
			);
			defaultConfigurationIsVisible = 0;
			defaultConfigurationName = Release;
		};
		0FA8A97627D71B84001F4DBF /* Build configuration list for PBXNativeTarget "MovieReviewTests" */ = {
			isa = XCConfigurationList;
			buildConfigurations = (
				0FA8A97727D71B84001F4DBF /* Debug */,
				0FA8A97827D71B84001F4DBF /* Release */,
			);
			defaultConfigurationIsVisible = 0;
			defaultConfigurationName = Release;
		};
		0FA8A97927D71B84001F4DBF /* Build configuration list for PBXNativeTarget "MovieReviewUITests" */ = {
			isa = XCConfigurationList;
			buildConfigurations = (
				0FA8A97A27D71B84001F4DBF /* Debug */,
				0FA8A97B27D71B84001F4DBF /* Release */,
			);
			defaultConfigurationIsVisible = 0;
			defaultConfigurationName = Release;
		};
/* End XCConfigurationList section */
	};
	rootObject = 0FA8A94127D71B82001F4DBF /* Project object */;
}
