// !$*UTF8*$!
{
	archiveVersion = 1;
	classes = {
	};
	objectVersion = 55;
	objects = {

/* Begin PBXBuildFile section */
		0FD38B3A275D291400B7CE08 /* RepositoryListViewController.swift in Sources */ = {isa = PBXBuildFile; fileRef = 0FD38B39275D291400B7CE08 /* RepositoryListViewController.swift */; };
		0FD38B3D275D2A0400B7CE08 /* SnapKit in Frameworks */ = {isa = PBXBuildFile; productRef = 0FD38B3C275D2A0400B7CE08 /* SnapKit */; };
		0FD38B3F275D2A2500B7CE08 /* RepositoryListCell.swift in Sources */ = {isa = PBXBuildFile; fileRef = 0FD38B3E275D2A2500B7CE08 /* RepositoryListCell.swift */; };
		0FFFA2D427440BDA005D3AB2 /* AppDelegate.swift in Sources */ = {isa = PBXBuildFile; fileRef = 0FFFA2D327440BDA005D3AB2 /* AppDelegate.swift */; };
		0FFFA2D627440BDA005D3AB2 /* SceneDelegate.swift in Sources */ = {isa = PBXBuildFile; fileRef = 0FFFA2D527440BDA005D3AB2 /* SceneDelegate.swift */; };
		0FFFA2DD27440BDB005D3AB2 /* Assets.xcassets in Resources */ = {isa = PBXBuildFile; fileRef = 0FFFA2DC27440BDB005D3AB2 /* Assets.xcassets */; };
		0FFFA2E027440BDB005D3AB2 /* LaunchScreen.storyboard in Resources */ = {isa = PBXBuildFile; fileRef = 0FFFA2DE27440BDB005D3AB2 /* LaunchScreen.storyboard */; };
		0FFFA2EB27440BDB005D3AB2 /* GithubRepositoryTests.swift in Sources */ = {isa = PBXBuildFile; fileRef = 0FFFA2EA27440BDB005D3AB2 /* GithubRepositoryTests.swift */; };
		0FFFA2F527440BDB005D3AB2 /* GithubRepositoryUITests.swift in Sources */ = {isa = PBXBuildFile; fileRef = 0FFFA2F427440BDB005D3AB2 /* GithubRepositoryUITests.swift */; };
		0FFFA2F727440BDB005D3AB2 /* GithubRepositoryUITestsLaunchTests.swift in Sources */ = {isa = PBXBuildFile; fileRef = 0FFFA2F627440BDB005D3AB2 /* GithubRepositoryUITestsLaunchTests.swift */; };
		CF18D8F6392ED8AE0866E82A /* Pods_GithubRepository.framework in Frameworks */ = {isa = PBXBuildFile; fileRef = 80292AA4B1A00061E506BA33 /* Pods_GithubRepository.framework */; };
/* End PBXBuildFile section */

/* Begin PBXContainerItemProxy section */
		0FFFA2E727440BDB005D3AB2 /* PBXContainerItemProxy */ = {
			isa = PBXContainerItemProxy;
			containerPortal = 0FFFA2C827440BDA005D3AB2 /* Project object */;
			proxyType = 1;
			remoteGlobalIDString = 0FFFA2CF27440BDA005D3AB2;
			remoteInfo = GithubRepository;
		};
		0FFFA2F127440BDB005D3AB2 /* PBXContainerItemProxy */ = {
			isa = PBXContainerItemProxy;
			containerPortal = 0FFFA2C827440BDA005D3AB2 /* Project object */;
			proxyType = 1;
			remoteGlobalIDString = 0FFFA2CF27440BDA005D3AB2;
			remoteInfo = GithubRepository;
		};
/* End PBXContainerItemProxy section */

/* Begin PBXFileReference section */
		0FD38B39275D291400B7CE08 /* RepositoryListViewController.swift */ = {isa = PBXFileReference; lastKnownFileType = sourcecode.swift; path = RepositoryListViewController.swift; sourceTree = "<group>"; };
		0FD38B3E275D2A2500B7CE08 /* RepositoryListCell.swift */ = {isa = PBXFileReference; lastKnownFileType = sourcecode.swift; path = RepositoryListCell.swift; sourceTree = "<group>"; };
		0FFFA2D027440BDA005D3AB2 /* GithubRepository.app */ = {isa = PBXFileReference; explicitFileType = wrapper.application; includeInIndex = 0; path = GithubRepository.app; sourceTree = BUILT_PRODUCTS_DIR; };
		0FFFA2D327440BDA005D3AB2 /* AppDelegate.swift */ = {isa = PBXFileReference; lastKnownFileType = sourcecode.swift; path = AppDelegate.swift; sourceTree = "<group>"; };
		0FFFA2D527440BDA005D3AB2 /* SceneDelegate.swift */ = {isa = PBXFileReference; lastKnownFileType = sourcecode.swift; path = SceneDelegate.swift; sourceTree = "<group>"; };
		0FFFA2DC27440BDB005D3AB2 /* Assets.xcassets */ = {isa = PBXFileReference; lastKnownFileType = folder.assetcatalog; path = Assets.xcassets; sourceTree = "<group>"; };
		0FFFA2DF27440BDB005D3AB2 /* Base */ = {isa = PBXFileReference; lastKnownFileType = file.storyboard; name = Base; path = Base.lproj/LaunchScreen.storyboard; sourceTree = "<group>"; };
		0FFFA2E127440BDB005D3AB2 /* Info.plist */ = {isa = PBXFileReference; lastKnownFileType = text.plist.xml; path = Info.plist; sourceTree = "<group>"; };
		0FFFA2E627440BDB005D3AB2 /* GithubRepositoryTests.xctest */ = {isa = PBXFileReference; explicitFileType = wrapper.cfbundle; includeInIndex = 0; path = GithubRepositoryTests.xctest; sourceTree = BUILT_PRODUCTS_DIR; };
		0FFFA2EA27440BDB005D3AB2 /* GithubRepositoryTests.swift */ = {isa = PBXFileReference; lastKnownFileType = sourcecode.swift; path = GithubRepositoryTests.swift; sourceTree = "<group>"; };
		0FFFA2F027440BDB005D3AB2 /* GithubRepositoryUITests.xctest */ = {isa = PBXFileReference; explicitFileType = wrapper.cfbundle; includeInIndex = 0; path = GithubRepositoryUITests.xctest; sourceTree = BUILT_PRODUCTS_DIR; };
		0FFFA2F427440BDB005D3AB2 /* GithubRepositoryUITests.swift */ = {isa = PBXFileReference; lastKnownFileType = sourcecode.swift; path = GithubRepositoryUITests.swift; sourceTree = "<group>"; };
		0FFFA2F627440BDB005D3AB2 /* GithubRepositoryUITestsLaunchTests.swift */ = {isa = PBXFileReference; lastKnownFileType = sourcecode.swift; path = GithubRepositoryUITestsLaunchTests.swift; sourceTree = "<group>"; };
		80292AA4B1A00061E506BA33 /* Pods_GithubRepository.framework */ = {isa = PBXFileReference; explicitFileType = wrapper.framework; includeInIndex = 0; path = Pods_GithubRepository.framework; sourceTree = BUILT_PRODUCTS_DIR; };
		9CACDB57E011000A6AAB6830 /* Pods-GithubRepository.release.xcconfig */ = {isa = PBXFileReference; includeInIndex = 1; lastKnownFileType = text.xcconfig; name = "Pods-GithubRepository.release.xcconfig"; path = "Target Support Files/Pods-GithubRepository/Pods-GithubRepository.release.xcconfig"; sourceTree = "<group>"; };
		CFD729CC9EC797E26EF29266 /* Pods-GithubRepository.debug.xcconfig */ = {isa = PBXFileReference; includeInIndex = 1; lastKnownFileType = text.xcconfig; name = "Pods-GithubRepository.debug.xcconfig"; path = "Target Support Files/Pods-GithubRepository/Pods-GithubRepository.debug.xcconfig"; sourceTree = "<group>"; };
/* End PBXFileReference section */

/* Begin PBXFrameworksBuildPhase section */
		0FFFA2CD27440BDA005D3AB2 /* Frameworks */ = {
			isa = PBXFrameworksBuildPhase;
			buildActionMask = 2147483647;
			files = (
				CF18D8F6392ED8AE0866E82A /* Pods_GithubRepository.framework in Frameworks */,
				0FD38B3D275D2A0400B7CE08 /* SnapKit in Frameworks */,
			);
			runOnlyForDeploymentPostprocessing = 0;
		};
		0FFFA2E327440BDB005D3AB2 /* Frameworks */ = {
			isa = PBXFrameworksBuildPhase;
			buildActionMask = 2147483647;
			files = (
			);
			runOnlyForDeploymentPostprocessing = 0;
		};
		0FFFA2ED27440BDB005D3AB2 /* Frameworks */ = {
			isa = PBXFrameworksBuildPhase;
			buildActionMask = 2147483647;
			files = (
			);
			runOnlyForDeploymentPostprocessing = 0;
		};
/* End PBXFrameworksBuildPhase section */

/* Begin PBXGroup section */
		0FFFA2C727440BDA005D3AB2 = {
			isa = PBXGroup;
			children = (
				0FFFA2D227440BDA005D3AB2 /* GithubRepository */,
				0FFFA2E927440BDB005D3AB2 /* GithubRepositoryTests */,
				0FFFA2F327440BDB005D3AB2 /* GithubRepositoryUITests */,
				0FFFA2D127440BDA005D3AB2 /* Products */,
				E8620DCFA77AAE1F5E18C0F0 /* Pods */,
				C5E59A2E4D3E18158D247453 /* Frameworks */,
			);
			sourceTree = "<group>";
		};
		0FFFA2D127440BDA005D3AB2 /* Products */ = {
			isa = PBXGroup;
			children = (
				0FFFA2D027440BDA005D3AB2 /* GithubRepository.app */,
				0FFFA2E627440BDB005D3AB2 /* GithubRepositoryTests.xctest */,
				0FFFA2F027440BDB005D3AB2 /* GithubRepositoryUITests.xctest */,
			);
			name = Products;
			sourceTree = "<group>";
		};
		0FFFA2D227440BDA005D3AB2 /* GithubRepository */ = {
			isa = PBXGroup;
			children = (
				0FFFA2D327440BDA005D3AB2 /* AppDelegate.swift */,
				0FFFA2D527440BDA005D3AB2 /* SceneDelegate.swift */,
				0FD38B39275D291400B7CE08 /* RepositoryListViewController.swift */,
				0FD38B3E275D2A2500B7CE08 /* RepositoryListCell.swift */,
				0FFFA2DC27440BDB005D3AB2 /* Assets.xcassets */,
				0FFFA2DE27440BDB005D3AB2 /* LaunchScreen.storyboard */,
				0FFFA2E127440BDB005D3AB2 /* Info.plist */,
			);
			path = GithubRepository;
			sourceTree = "<group>";
		};
		0FFFA2E927440BDB005D3AB2 /* GithubRepositoryTests */ = {
			isa = PBXGroup;
			children = (
				0FFFA2EA27440BDB005D3AB2 /* GithubRepositoryTests.swift */,
			);
			path = GithubRepositoryTests;
			sourceTree = "<group>";
		};
		0FFFA2F327440BDB005D3AB2 /* GithubRepositoryUITests */ = {
			isa = PBXGroup;
			children = (
				0FFFA2F427440BDB005D3AB2 /* GithubRepositoryUITests.swift */,
				0FFFA2F627440BDB005D3AB2 /* GithubRepositoryUITestsLaunchTests.swift */,
			);
			path = GithubRepositoryUITests;
			sourceTree = "<group>";
		};
		C5E59A2E4D3E18158D247453 /* Frameworks */ = {
			isa = PBXGroup;
			children = (
				80292AA4B1A00061E506BA33 /* Pods_GithubRepository.framework */,
			);
			name = Frameworks;
			sourceTree = "<group>";
		};
		E8620DCFA77AAE1F5E18C0F0 /* Pods */ = {
			isa = PBXGroup;
			children = (
				CFD729CC9EC797E26EF29266 /* Pods-GithubRepository.debug.xcconfig */,
				9CACDB57E011000A6AAB6830 /* Pods-GithubRepository.release.xcconfig */,
			);
			path = Pods;
			sourceTree = "<group>";
		};
/* End PBXGroup section */

/* Begin PBXNativeTarget section */
		0FFFA2CF27440BDA005D3AB2 /* GithubRepository */ = {
			isa = PBXNativeTarget;
			buildConfigurationList = 0FFFA2FA27440BDB005D3AB2 /* Build configuration list for PBXNativeTarget "GithubRepository" */;
			buildPhases = (
				8AACDA328ABBB2258729F33C /* [CP] Check Pods Manifest.lock */,
				0FFFA2CC27440BDA005D3AB2 /* Sources */,
				0FFFA2CD27440BDA005D3AB2 /* Frameworks */,
				0FFFA2CE27440BDA005D3AB2 /* Resources */,
				6302198D4FB8D9F0B605F7BA /* [CP] Embed Pods Frameworks */,
			);
			buildRules = (
			);
			dependencies = (
			);
			name = GithubRepository;
			packageProductDependencies = (
				0FD38B3C275D2A0400B7CE08 /* SnapKit */,
			);
			productName = GithubRepository;
			productReference = 0FFFA2D027440BDA005D3AB2 /* GithubRepository.app */;
			productType = "com.apple.product-type.application";
		};
		0FFFA2E527440BDB005D3AB2 /* GithubRepositoryTests */ = {
			isa = PBXNativeTarget;
			buildConfigurationList = 0FFFA2FD27440BDB005D3AB2 /* Build configuration list for PBXNativeTarget "GithubRepositoryTests" */;
			buildPhases = (
				0FFFA2E227440BDB005D3AB2 /* Sources */,
				0FFFA2E327440BDB005D3AB2 /* Frameworks */,
				0FFFA2E427440BDB005D3AB2 /* Resources */,
			);
			buildRules = (
			);
			dependencies = (
				0FFFA2E827440BDB005D3AB2 /* PBXTargetDependency */,
			);
			name = GithubRepositoryTests;
			productName = GithubRepositoryTests;
			productReference = 0FFFA2E627440BDB005D3AB2 /* GithubRepositoryTests.xctest */;
			productType = "com.apple.product-type.bundle.unit-test";
		};
		0FFFA2EF27440BDB005D3AB2 /* GithubRepositoryUITests */ = {
			isa = PBXNativeTarget;
			buildConfigurationList = 0FFFA30027440BDB005D3AB2 /* Build configuration list for PBXNativeTarget "GithubRepositoryUITests" */;
			buildPhases = (
				0FFFA2EC27440BDB005D3AB2 /* Sources */,
				0FFFA2ED27440BDB005D3AB2 /* Frameworks */,
				0FFFA2EE27440BDB005D3AB2 /* Resources */,
			);
			buildRules = (
			);
			dependencies = (
				0FFFA2F227440BDB005D3AB2 /* PBXTargetDependency */,
			);
			name = GithubRepositoryUITests;
			productName = GithubRepositoryUITests;
			productReference = 0FFFA2F027440BDB005D3AB2 /* GithubRepositoryUITests.xctest */;
			productType = "com.apple.product-type.bundle.ui-testing";
		};
/* End PBXNativeTarget section */

/* Begin PBXProject section */
		0FFFA2C827440BDA005D3AB2 /* Project object */ = {
			isa = PBXProject;
			attributes = {
				BuildIndependentTargetsInParallel = 1;
				LastSwiftUpdateCheck = 1310;
				LastUpgradeCheck = 1310;
				TargetAttributes = {
					0FFFA2CF27440BDA005D3AB2 = {
						CreatedOnToolsVersion = 13.1;
					};
					0FFFA2E527440BDB005D3AB2 = {
						CreatedOnToolsVersion = 13.1;
						TestTargetID = 0FFFA2CF27440BDA005D3AB2;
					};
					0FFFA2EF27440BDB005D3AB2 = {
						CreatedOnToolsVersion = 13.1;
						TestTargetID = 0FFFA2CF27440BDA005D3AB2;
					};
				};
			};
			buildConfigurationList = 0FFFA2CB27440BDA005D3AB2 /* Build configuration list for PBXProject "GithubRepository" */;
			compatibilityVersion = "Xcode 13.0";
			developmentRegion = en;
			hasScannedForEncodings = 0;
			knownRegions = (
				en,
				Base,
			);
			mainGroup = 0FFFA2C727440BDA005D3AB2;
			packageReferences = (
				0FD38B3B275D2A0400B7CE08 /* XCRemoteSwiftPackageReference "SnapKit" */,
			);
			productRefGroup = 0FFFA2D127440BDA005D3AB2 /* Products */;
			projectDirPath = "";
			projectRoot = "";
			targets = (
				0FFFA2CF27440BDA005D3AB2 /* GithubRepository */,
				0FFFA2E527440BDB005D3AB2 /* GithubRepositoryTests */,
				0FFFA2EF27440BDB005D3AB2 /* GithubRepositoryUITests */,
			);
		};
/* End PBXProject section */

/* Begin PBXResourcesBuildPhase section */
		0FFFA2CE27440BDA005D3AB2 /* Resources */ = {
			isa = PBXResourcesBuildPhase;
			buildActionMask = 2147483647;
			files = (
				0FFFA2E027440BDB005D3AB2 /* LaunchScreen.storyboard in Resources */,
				0FFFA2DD27440BDB005D3AB2 /* Assets.xcassets in Resources */,
			);
			runOnlyForDeploymentPostprocessing = 0;
		};
		0FFFA2E427440BDB005D3AB2 /* Resources */ = {
			isa = PBXResourcesBuildPhase;
			buildActionMask = 2147483647;
			files = (
			);
			runOnlyForDeploymentPostprocessing = 0;
		};
		0FFFA2EE27440BDB005D3AB2 /* Resources */ = {
			isa = PBXResourcesBuildPhase;
			buildActionMask = 2147483647;
			files = (
			);
			runOnlyForDeploymentPostprocessing = 0;
		};
/* End PBXResourcesBuildPhase section */

/* Begin PBXShellScriptBuildPhase section */
		6302198D4FB8D9F0B605F7BA /* [CP] Embed Pods Frameworks */ = {
			isa = PBXShellScriptBuildPhase;
			buildActionMask = 2147483647;
			files = (
			);
			inputFileListPaths = (
				"${PODS_ROOT}/Target Support Files/Pods-GithubRepository/Pods-GithubRepository-frameworks-${CONFIGURATION}-input-files.xcfilelist",
			);
			name = "[CP] Embed Pods Frameworks";
			outputFileListPaths = (
				"${PODS_ROOT}/Target Support Files/Pods-GithubRepository/Pods-GithubRepository-frameworks-${CONFIGURATION}-output-files.xcfilelist",
			);
			runOnlyForDeploymentPostprocessing = 0;
			shellPath = /bin/sh;
			shellScript = "\"${PODS_ROOT}/Target Support Files/Pods-GithubRepository/Pods-GithubRepository-frameworks.sh\"\n";
			showEnvVarsInLog = 0;
		};
		8AACDA328ABBB2258729F33C /* [CP] Check Pods Manifest.lock */ = {
			isa = PBXShellScriptBuildPhase;
			buildActionMask = 2147483647;
			files = (
			);
			inputFileListPaths = (
			);
			inputPaths = (
				"${PODS_PODFILE_DIR_PATH}/Podfile.lock",
				"${PODS_ROOT}/Manifest.lock",
			);
			name = "[CP] Check Pods Manifest.lock";
			outputFileListPaths = (
			);
			outputPaths = (
				"$(DERIVED_FILE_DIR)/Pods-GithubRepository-checkManifestLockResult.txt",
			);
			runOnlyForDeploymentPostprocessing = 0;
			shellPath = /bin/sh;
			shellScript = "diff \"${PODS_PODFILE_DIR_PATH}/Podfile.lock\" \"${PODS_ROOT}/Manifest.lock\" > /dev/null\nif [ $? != 0 ] ; then\n    # print error to STDERR\n    echo \"error: The sandbox is not in sync with the Podfile.lock. Run 'pod install' or update your CocoaPods installation.\" >&2\n    exit 1\nfi\n# This output is used by Xcode 'outputs' to avoid re-running this script phase.\necho \"SUCCESS\" > \"${SCRIPT_OUTPUT_FILE_0}\"\n";
			showEnvVarsInLog = 0;
		};
/* End PBXShellScriptBuildPhase section */

/* Begin PBXSourcesBuildPhase section */
		0FFFA2CC27440BDA005D3AB2 /* Sources */ = {
			isa = PBXSourcesBuildPhase;
			buildActionMask = 2147483647;
			files = (
				0FFFA2D427440BDA005D3AB2 /* AppDelegate.swift in Sources */,
				0FFFA2D627440BDA005D3AB2 /* SceneDelegate.swift in Sources */,
				0FD38B3A275D291400B7CE08 /* RepositoryListViewController.swift in Sources */,
				0FD38B3F275D2A2500B7CE08 /* RepositoryListCell.swift in Sources */,
			);
			runOnlyForDeploymentPostprocessing = 0;
		};
		0FFFA2E227440BDB005D3AB2 /* Sources */ = {
			isa = PBXSourcesBuildPhase;
			buildActionMask = 2147483647;
			files = (
				0FFFA2EB27440BDB005D3AB2 /* GithubRepositoryTests.swift in Sources */,
			);
			runOnlyForDeploymentPostprocessing = 0;
		};
		0FFFA2EC27440BDB005D3AB2 /* Sources */ = {
			isa = PBXSourcesBuildPhase;
			buildActionMask = 2147483647;
			files = (
				0FFFA2F527440BDB005D3AB2 /* GithubRepositoryUITests.swift in Sources */,
				0FFFA2F727440BDB005D3AB2 /* GithubRepositoryUITestsLaunchTests.swift in Sources */,
			);
			runOnlyForDeploymentPostprocessing = 0;
		};
/* End PBXSourcesBuildPhase section */

/* Begin PBXTargetDependency section */
		0FFFA2E827440BDB005D3AB2 /* PBXTargetDependency */ = {
			isa = PBXTargetDependency;
			target = 0FFFA2CF27440BDA005D3AB2 /* GithubRepository */;
			targetProxy = 0FFFA2E727440BDB005D3AB2 /* PBXContainerItemProxy */;
		};
		0FFFA2F227440BDB005D3AB2 /* PBXTargetDependency */ = {
			isa = PBXTargetDependency;
			target = 0FFFA2CF27440BDA005D3AB2 /* GithubRepository */;
			targetProxy = 0FFFA2F127440BDB005D3AB2 /* PBXContainerItemProxy */;
		};
/* End PBXTargetDependency section */

/* Begin PBXVariantGroup section */
		0FFFA2DE27440BDB005D3AB2 /* LaunchScreen.storyboard */ = {
			isa = PBXVariantGroup;
			children = (
				0FFFA2DF27440BDB005D3AB2 /* Base */,
			);
			name = LaunchScreen.storyboard;
			sourceTree = "<group>";
		};
/* End PBXVariantGroup section */

/* Begin XCBuildConfiguration section */
		0FFFA2F827440BDB005D3AB2 /* Debug */ = {
			isa = XCBuildConfiguration;
			buildSettings = {
				ALWAYS_SEARCH_USER_PATHS = NO;
				CLANG_ANALYZER_NONNULL = YES;
				CLANG_ANALYZER_NUMBER_OBJECT_CONVERSION = YES_AGGRESSIVE;
				CLANG_CXX_LANGUAGE_STANDARD = "gnu++17";
				CLANG_CXX_LIBRARY = "libc++";
				CLANG_ENABLE_MODULES = YES;
				CLANG_ENABLE_OBJC_ARC = YES;
				CLANG_ENABLE_OBJC_WEAK = YES;
				CLANG_WARN_BLOCK_CAPTURE_AUTORELEASING = YES;
				CLANG_WARN_BOOL_CONVERSION = YES;
				CLANG_WARN_COMMA = YES;
				CLANG_WARN_CONSTANT_CONVERSION = YES;
				CLANG_WARN_DEPRECATED_OBJC_IMPLEMENTATIONS = YES;
				CLANG_WARN_DIRECT_OBJC_ISA_USAGE = YES_ERROR;
				CLANG_WARN_DOCUMENTATION_COMMENTS = YES;
				CLANG_WARN_EMPTY_BODY = YES;
				CLANG_WARN_ENUM_CONVERSION = YES;
				CLANG_WARN_INFINITE_RECURSION = YES;
				CLANG_WARN_INT_CONVERSION = YES;
				CLANG_WARN_NON_LITERAL_NULL_CONVERSION = YES;
				CLANG_WARN_OBJC_IMPLICIT_RETAIN_SELF = YES;
				CLANG_WARN_OBJC_LITERAL_CONVERSION = YES;
				CLANG_WARN_OBJC_ROOT_CLASS = YES_ERROR;
				CLANG_WARN_QUOTED_INCLUDE_IN_FRAMEWORK_HEADER = YES;
				CLANG_WARN_RANGE_LOOP_ANALYSIS = YES;
				CLANG_WARN_STRICT_PROTOTYPES = YES;
				CLANG_WARN_SUSPICIOUS_MOVE = YES;
				CLANG_WARN_UNGUARDED_AVAILABILITY = YES_AGGRESSIVE;
				CLANG_WARN_UNREACHABLE_CODE = YES;
				CLANG_WARN__DUPLICATE_METHOD_MATCH = YES;
				COPY_PHASE_STRIP = NO;
				DEBUG_INFORMATION_FORMAT = dwarf;
				ENABLE_STRICT_OBJC_MSGSEND = YES;
				ENABLE_TESTABILITY = YES;
				GCC_C_LANGUAGE_STANDARD = gnu11;
				GCC_DYNAMIC_NO_PIC = NO;
				GCC_NO_COMMON_BLOCKS = YES;
				GCC_OPTIMIZATION_LEVEL = 0;
				GCC_PREPROCESSOR_DEFINITIONS = (
					"DEBUG=1",
					"$(inherited)",
				);
				GCC_WARN_64_TO_32_BIT_CONVERSION = YES;
				GCC_WARN_ABOUT_RETURN_TYPE = YES_ERROR;
				GCC_WARN_UNDECLARED_SELECTOR = YES;
				GCC_WARN_UNINITIALIZED_AUTOS = YES_AGGRESSIVE;
				GCC_WARN_UNUSED_FUNCTION = YES;
				GCC_WARN_UNUSED_VARIABLE = YES;
				IPHONEOS_DEPLOYMENT_TARGET = 15.0;
				MTL_ENABLE_DEBUG_INFO = INCLUDE_SOURCE;
				MTL_FAST_MATH = YES;
				ONLY_ACTIVE_ARCH = YES;
				SDKROOT = iphoneos;
				SWIFT_ACTIVE_COMPILATION_CONDITIONS = DEBUG;
				SWIFT_OPTIMIZATION_LEVEL = "-Onone";
			};
			name = Debug;
		};
		0FFFA2F927440BDB005D3AB2 /* Release */ = {
			isa = XCBuildConfiguration;
			buildSettings = {
				ALWAYS_SEARCH_USER_PATHS = NO;
				CLANG_ANALYZER_NONNULL = YES;
				CLANG_ANALYZER_NUMBER_OBJECT_CONVERSION = YES_AGGRESSIVE;
				CLANG_CXX_LANGUAGE_STANDARD = "gnu++17";
				CLANG_CXX_LIBRARY = "libc++";
				CLANG_ENABLE_MODULES = YES;
				CLANG_ENABLE_OBJC_ARC = YES;
				CLANG_ENABLE_OBJC_WEAK = YES;
				CLANG_WARN_BLOCK_CAPTURE_AUTORELEASING = YES;
				CLANG_WARN_BOOL_CONVERSION = YES;
				CLANG_WARN_COMMA = YES;
				CLANG_WARN_CONSTANT_CONVERSION = YES;
				CLANG_WARN_DEPRECATED_OBJC_IMPLEMENTATIONS = YES;
				CLANG_WARN_DIRECT_OBJC_ISA_USAGE = YES_ERROR;
				CLANG_WARN_DOCUMENTATION_COMMENTS = YES;
				CLANG_WARN_EMPTY_BODY = YES;
				CLANG_WARN_ENUM_CONVERSION = YES;
				CLANG_WARN_INFINITE_RECURSION = YES;
				CLANG_WARN_INT_CONVERSION = YES;
				CLANG_WARN_NON_LITERAL_NULL_CONVERSION = YES;
				CLANG_WARN_OBJC_IMPLICIT_RETAIN_SELF = YES;
				CLANG_WARN_OBJC_LITERAL_CONVERSION = YES;
				CLANG_WARN_OBJC_ROOT_CLASS = YES_ERROR;
				CLANG_WARN_QUOTED_INCLUDE_IN_FRAMEWORK_HEADER = YES;
				CLANG_WARN_RANGE_LOOP_ANALYSIS = YES;
				CLANG_WARN_STRICT_PROTOTYPES = YES;
				CLANG_WARN_SUSPICIOUS_MOVE = YES;
				CLANG_WARN_UNGUARDED_AVAILABILITY = YES_AGGRESSIVE;
				CLANG_WARN_UNREACHABLE_CODE = YES;
				CLANG_WARN__DUPLICATE_METHOD_MATCH = YES;
				COPY_PHASE_STRIP = NO;
				DEBUG_INFORMATION_FORMAT = "dwarf-with-dsym";
				ENABLE_NS_ASSERTIONS = NO;
				ENABLE_STRICT_OBJC_MSGSEND = YES;
				GCC_C_LANGUAGE_STANDARD = gnu11;
				GCC_NO_COMMON_BLOCKS = YES;
				GCC_WARN_64_TO_32_BIT_CONVERSION = YES;
				GCC_WARN_ABOUT_RETURN_TYPE = YES_ERROR;
				GCC_WARN_UNDECLARED_SELECTOR = YES;
				GCC_WARN_UNINITIALIZED_AUTOS = YES_AGGRESSIVE;
				GCC_WARN_UNUSED_FUNCTION = YES;
				GCC_WARN_UNUSED_VARIABLE = YES;
				IPHONEOS_DEPLOYMENT_TARGET = 15.0;
				MTL_ENABLE_DEBUG_INFO = NO;
				MTL_FAST_MATH = YES;
				SDKROOT = iphoneos;
				SWIFT_COMPILATION_MODE = wholemodule;
				SWIFT_OPTIMIZATION_LEVEL = "-O";
				VALIDATE_PRODUCT = YES;
			};
			name = Release;
		};
		0FFFA2FB27440BDB005D3AB2 /* Debug */ = {
			isa = XCBuildConfiguration;
			baseConfigurationReference = CFD729CC9EC797E26EF29266 /* Pods-GithubRepository.debug.xcconfig */;
			buildSettings = {
				ASSETCATALOG_COMPILER_APPICON_NAME = AppIcon;
				ASSETCATALOG_COMPILER_GLOBAL_ACCENT_COLOR_NAME = AccentColor;
				CODE_SIGN_STYLE = Automatic;
				CURRENT_PROJECT_VERSION = 1;
				DEVELOPMENT_TEAM = J7MH5N2BKX;
				GENERATE_INFOPLIST_FILE = YES;
				INFOPLIST_FILE = GithubRepository/Info.plist;
				INFOPLIST_KEY_UIApplicationSupportsIndirectInputEvents = YES;
				INFOPLIST_KEY_UILaunchStoryboardName = LaunchScreen;
				INFOPLIST_KEY_UISupportedInterfaceOrientations_iPad = "UIInterfaceOrientationPortrait UIInterfaceOrientationPortraitUpsideDown UIInterfaceOrientationLandscapeLeft UIInterfaceOrientationLandscapeRight";
				INFOPLIST_KEY_UISupportedInterfaceOrientations_iPhone = "UIInterfaceOrientationPortrait UIInterfaceOrientationLandscapeLeft UIInterfaceOrientationLandscapeRight";
				LD_RUNPATH_SEARCH_PATHS = (
					"$(inherited)",
					"@executable_path/Frameworks",
				);
				MARKETING_VERSION = 1.0;
				PRODUCT_BUNDLE_IDENTIFIER = com.byougil.youn.GithubRepository;
				PRODUCT_NAME = "$(TARGET_NAME)";
				SWIFT_EMIT_LOC_STRINGS = YES;
				SWIFT_VERSION = 5.0;
				TARGETED_DEVICE_FAMILY = "1,2";
			};
			name = Debug;
		};
		0FFFA2FC27440BDB005D3AB2 /* Release */ = {
			isa = XCBuildConfiguration;
			baseConfigurationReference = 9CACDB57E011000A6AAB6830 /* Pods-GithubRepository.release.xcconfig */;
			buildSettings = {
				ASSETCATALOG_COMPILER_APPICON_NAME = AppIcon;
				ASSETCATALOG_COMPILER_GLOBAL_ACCENT_COLOR_NAME = AccentColor;
				CODE_SIGN_STYLE = Automatic;
				CURRENT_PROJECT_VERSION = 1;
				DEVELOPMENT_TEAM = J7MH5N2BKX;
				GENERATE_INFOPLIST_FILE = YES;
				INFOPLIST_FILE = GithubRepository/Info.plist;
				INFOPLIST_KEY_UIApplicationSupportsIndirectInputEvents = YES;
				INFOPLIST_KEY_UILaunchStoryboardName = LaunchScreen;
				INFOPLIST_KEY_UISupportedInterfaceOrientations_iPad = "UIInterfaceOrientationPortrait UIInterfaceOrientationPortraitUpsideDown UIInterfaceOrientationLandscapeLeft UIInterfaceOrientationLandscapeRight";
				INFOPLIST_KEY_UISupportedInterfaceOrientations_iPhone = "UIInterfaceOrientationPortrait UIInterfaceOrientationLandscapeLeft UIInterfaceOrientationLandscapeRight";
				LD_RUNPATH_SEARCH_PATHS = (
					"$(inherited)",
					"@executable_path/Frameworks",
				);
				MARKETING_VERSION = 1.0;
				PRODUCT_BUNDLE_IDENTIFIER = com.byougil.youn.GithubRepository;
				PRODUCT_NAME = "$(TARGET_NAME)";
				SWIFT_EMIT_LOC_STRINGS = YES;
				SWIFT_VERSION = 5.0;
				TARGETED_DEVICE_FAMILY = "1,2";
			};
			name = Release;
		};
		0FFFA2FE27440BDB005D3AB2 /* Debug */ = {
			isa = XCBuildConfiguration;
			buildSettings = {
				ALWAYS_EMBED_SWIFT_STANDARD_LIBRARIES = YES;
				BUNDLE_LOADER = "$(TEST_HOST)";
				CODE_SIGN_STYLE = Automatic;
				CURRENT_PROJECT_VERSION = 1;
				DEVELOPMENT_TEAM = J7MH5N2BKX;
				GENERATE_INFOPLIST_FILE = YES;
				IPHONEOS_DEPLOYMENT_TARGET = 15.0;
				LD_RUNPATH_SEARCH_PATHS = (
					"$(inherited)",
					"@executable_path/Frameworks",
					"@loader_path/Frameworks",
				);
				MARKETING_VERSION = 1.0;
				PRODUCT_BUNDLE_IDENTIFIER = com.byougil.youn.GithubRepositoryTests;
				PRODUCT_NAME = "$(TARGET_NAME)";
				SWIFT_EMIT_LOC_STRINGS = NO;
				SWIFT_VERSION = 5.0;
				TARGETED_DEVICE_FAMILY = "1,2";
				TEST_HOST = "$(BUILT_PRODUCTS_DIR)/GithubRepository.app/GithubRepository";
			};
			name = Debug;
		};
		0FFFA2FF27440BDB005D3AB2 /* Release */ = {
			isa = XCBuildConfiguration;
			buildSettings = {
				ALWAYS_EMBED_SWIFT_STANDARD_LIBRARIES = YES;
				BUNDLE_LOADER = "$(TEST_HOST)";
				CODE_SIGN_STYLE = Automatic;
				CURRENT_PROJECT_VERSION = 1;
				DEVELOPMENT_TEAM = J7MH5N2BKX;
				GENERATE_INFOPLIST_FILE = YES;
				IPHONEOS_DEPLOYMENT_TARGET = 15.0;
				LD_RUNPATH_SEARCH_PATHS = (
					"$(inherited)",
					"@executable_path/Frameworks",
					"@loader_path/Frameworks",
				);
				MARKETING_VERSION = 1.0;
				PRODUCT_BUNDLE_IDENTIFIER = com.byougil.youn.GithubRepositoryTests;
				PRODUCT_NAME = "$(TARGET_NAME)";
				SWIFT_EMIT_LOC_STRINGS = NO;
				SWIFT_VERSION = 5.0;
				TARGETED_DEVICE_FAMILY = "1,2";
				TEST_HOST = "$(BUILT_PRODUCTS_DIR)/GithubRepository.app/GithubRepository";
			};
			name = Release;
		};
		0FFFA30127440BDB005D3AB2 /* Debug */ = {
			isa = XCBuildConfiguration;
			buildSettings = {
				ALWAYS_EMBED_SWIFT_STANDARD_LIBRARIES = YES;
				CODE_SIGN_STYLE = Automatic;
				CURRENT_PROJECT_VERSION = 1;
				DEVELOPMENT_TEAM = J7MH5N2BKX;
				GENERATE_INFOPLIST_FILE = YES;
				LD_RUNPATH_SEARCH_PATHS = (
					"$(inherited)",
					"@executable_path/Frameworks",
					"@loader_path/Frameworks",
				);
				MARKETING_VERSION = 1.0;
				PRODUCT_BUNDLE_IDENTIFIER = com.byougil.youn.GithubRepositoryUITests;
				PRODUCT_NAME = "$(TARGET_NAME)";
				SWIFT_EMIT_LOC_STRINGS = NO;
				SWIFT_VERSION = 5.0;
				TARGETED_DEVICE_FAMILY = "1,2";
				TEST_TARGET_NAME = GithubRepository;
			};
			name = Debug;
		};
		0FFFA30227440BDB005D3AB2 /* Release */ = {
			isa = XCBuildConfiguration;
			buildSettings = {
				ALWAYS_EMBED_SWIFT_STANDARD_LIBRARIES = YES;
				CODE_SIGN_STYLE = Automatic;
				CURRENT_PROJECT_VERSION = 1;
				DEVELOPMENT_TEAM = J7MH5N2BKX;
				GENERATE_INFOPLIST_FILE = YES;
				LD_RUNPATH_SEARCH_PATHS = (
					"$(inherited)",
					"@executable_path/Frameworks",
					"@loader_path/Frameworks",
				);
				MARKETING_VERSION = 1.0;
				PRODUCT_BUNDLE_IDENTIFIER = com.byougil.youn.GithubRepositoryUITests;
				PRODUCT_NAME = "$(TARGET_NAME)";
				SWIFT_EMIT_LOC_STRINGS = NO;
				SWIFT_VERSION = 5.0;
				TARGETED_DEVICE_FAMILY = "1,2";
				TEST_TARGET_NAME = GithubRepository;
			};
			name = Release;
		};
/* End XCBuildConfiguration section */

/* Begin XCConfigurationList section */
		0FFFA2CB27440BDA005D3AB2 /* Build configuration list for PBXProject "GithubRepository" */ = {
			isa = XCConfigurationList;
			buildConfigurations = (
				0FFFA2F827440BDB005D3AB2 /* Debug */,
				0FFFA2F927440BDB005D3AB2 /* Release */,
			);
			defaultConfigurationIsVisible = 0;
			defaultConfigurationName = Release;
		};
		0FFFA2FA27440BDB005D3AB2 /* Build configuration list for PBXNativeTarget "GithubRepository" */ = {
			isa = XCConfigurationList;
			buildConfigurations = (
				0FFFA2FB27440BDB005D3AB2 /* Debug */,
				0FFFA2FC27440BDB005D3AB2 /* Release */,
			);
			defaultConfigurationIsVisible = 0;
			defaultConfigurationName = Release;
		};
		0FFFA2FD27440BDB005D3AB2 /* Build configuration list for PBXNativeTarget "GithubRepositoryTests" */ = {
			isa = XCConfigurationList;
			buildConfigurations = (
				0FFFA2FE27440BDB005D3AB2 /* Debug */,
				0FFFA2FF27440BDB005D3AB2 /* Release */,
			);
			defaultConfigurationIsVisible = 0;
			defaultConfigurationName = Release;
		};
		0FFFA30027440BDB005D3AB2 /* Build configuration list for PBXNativeTarget "GithubRepositoryUITests" */ = {
			isa = XCConfigurationList;
			buildConfigurations = (
				0FFFA30127440BDB005D3AB2 /* Debug */,
				0FFFA30227440BDB005D3AB2 /* Release */,
			);
			defaultConfigurationIsVisible = 0;
			defaultConfigurationName = Release;
		};
/* End XCConfigurationList section */

/* Begin XCRemoteSwiftPackageReference section */
		0FD38B3B275D2A0400B7CE08 /* XCRemoteSwiftPackageReference "SnapKit" */ = {
			isa = XCRemoteSwiftPackageReference;
			repositoryURL = "https://github.com/SnapKit/SnapKit.git";
			requirement = {
				branch = develop;
				kind = branch;
			};
		};
/* End XCRemoteSwiftPackageReference section */

/* Begin XCSwiftPackageProductDependency section */
		0FD38B3C275D2A0400B7CE08 /* SnapKit */ = {
			isa = XCSwiftPackageProductDependency;
			package = 0FD38B3B275D2A0400B7CE08 /* XCRemoteSwiftPackageReference "SnapKit" */;
			productName = SnapKit;
		};
/* End XCSwiftPackageProductDependency section */
	};
	rootObject = 0FFFA2C827440BDA005D3AB2 /* Project object */;
}
