// !$*UTF8*$!
{
	archiveVersion = 1;
	classes = {
	};
	objectVersion = 55;
	objects = {

/* Begin PBXBuildFile section */
		0F28071027B1069300E22B99 /* AppDelegate.swift in Sources */ = {isa = PBXBuildFile; fileRef = 0F28070F27B1069300E22B99 /* AppDelegate.swift */; };
		0F28071227B1069300E22B99 /* SceneDelegate.swift in Sources */ = {isa = PBXBuildFile; fileRef = 0F28071127B1069300E22B99 /* SceneDelegate.swift */; };
		0F28071927B1069500E22B99 /* Assets.xcassets in Resources */ = {isa = PBXBuildFile; fileRef = 0F28071827B1069500E22B99 /* Assets.xcassets */; };
		0F28071C27B1069500E22B99 /* LaunchScreen.storyboard in Resources */ = {isa = PBXBuildFile; fileRef = 0F28071A27B1069500E22B99 /* LaunchScreen.storyboard */; };
		0FCEE48427B16B04002955CC /* PriceTextFieldCellViewModel.swift in Sources */ = {isa = PBXBuildFile; fileRef = 0FCEE48327B16B04002955CC /* PriceTextFieldCellViewModel.swift */; };
		0FCEE48627B16EF9002955CC /* PriceTextFieldCell.swift in Sources */ = {isa = PBXBuildFile; fileRef = 0FCEE48527B16EF9002955CC /* PriceTextFieldCell.swift */; };
		0FDC299527B10D5300119213 /* MainViewController.swift in Sources */ = {isa = PBXBuildFile; fileRef = 0FDC299427B10D5300119213 /* MainViewController.swift */; };
		0FDC299727B10DA500119213 /* MainViewModel.swift in Sources */ = {isa = PBXBuildFile; fileRef = 0FDC299627B10DA500119213 /* MainViewModel.swift */; };
		0FDC299A27B1276900119213 /* TitleTextFieldCell.swift in Sources */ = {isa = PBXBuildFile; fileRef = 0FDC299927B1276900119213 /* TitleTextFieldCell.swift */; };
		0FDC299C27B1277400119213 /* TitleTextFieldCellViewModel.swift in Sources */ = {isa = PBXBuildFile; fileRef = 0FDC299B27B1277400119213 /* TitleTextFieldCellViewModel.swift */; };
		0FDC299F27B12EFE00119213 /* Category.swift in Sources */ = {isa = PBXBuildFile; fileRef = 0FDC299E27B12EFE00119213 /* Category.swift */; };
		0FDC29A227B12F3600119213 /* CategoryViewModel.swift in Sources */ = {isa = PBXBuildFile; fileRef = 0FDC29A127B12F3600119213 /* CategoryViewModel.swift */; };
		0FDC29A427B1359500119213 /* CategoryListViewController.swift in Sources */ = {isa = PBXBuildFile; fileRef = 0FDC29A327B1359500119213 /* CategoryListViewController.swift */; };
		F5B15D46216B0ECD0A88413B /* Pods_RemakeDaangnMarketStyleApp.framework in Frameworks */ = {isa = PBXBuildFile; fileRef = 3ED2231E25F92D8E68B27241 /* Pods_RemakeDaangnMarketStyleApp.framework */; };
/* End PBXBuildFile section */

/* Begin PBXFileReference section */
		0F28070C27B1069300E22B99 /* RemakeDaangnMarketStyleApp.app */ = {isa = PBXFileReference; explicitFileType = wrapper.application; includeInIndex = 0; path = RemakeDaangnMarketStyleApp.app; sourceTree = BUILT_PRODUCTS_DIR; };
		0F28070F27B1069300E22B99 /* AppDelegate.swift */ = {isa = PBXFileReference; lastKnownFileType = sourcecode.swift; path = AppDelegate.swift; sourceTree = "<group>"; };
		0F28071127B1069300E22B99 /* SceneDelegate.swift */ = {isa = PBXFileReference; lastKnownFileType = sourcecode.swift; path = SceneDelegate.swift; sourceTree = "<group>"; };
		0F28071827B1069500E22B99 /* Assets.xcassets */ = {isa = PBXFileReference; lastKnownFileType = folder.assetcatalog; path = Assets.xcassets; sourceTree = "<group>"; };
		0F28071B27B1069500E22B99 /* Base */ = {isa = PBXFileReference; lastKnownFileType = file.storyboard; name = Base; path = Base.lproj/LaunchScreen.storyboard; sourceTree = "<group>"; };
		0F28071D27B1069500E22B99 /* Info.plist */ = {isa = PBXFileReference; lastKnownFileType = text.plist.xml; path = Info.plist; sourceTree = "<group>"; };
		0FCEE48327B16B04002955CC /* PriceTextFieldCellViewModel.swift */ = {isa = PBXFileReference; lastKnownFileType = sourcecode.swift; path = PriceTextFieldCellViewModel.swift; sourceTree = "<group>"; };
		0FCEE48527B16EF9002955CC /* PriceTextFieldCell.swift */ = {isa = PBXFileReference; lastKnownFileType = sourcecode.swift; path = PriceTextFieldCell.swift; sourceTree = "<group>"; };
		0FDC299427B10D5300119213 /* MainViewController.swift */ = {isa = PBXFileReference; lastKnownFileType = sourcecode.swift; path = MainViewController.swift; sourceTree = "<group>"; };
		0FDC299627B10DA500119213 /* MainViewModel.swift */ = {isa = PBXFileReference; lastKnownFileType = sourcecode.swift; path = MainViewModel.swift; sourceTree = "<group>"; };
		0FDC299927B1276900119213 /* TitleTextFieldCell.swift */ = {isa = PBXFileReference; lastKnownFileType = sourcecode.swift; path = TitleTextFieldCell.swift; sourceTree = "<group>"; };
		0FDC299B27B1277400119213 /* TitleTextFieldCellViewModel.swift */ = {isa = PBXFileReference; lastKnownFileType = sourcecode.swift; path = TitleTextFieldCellViewModel.swift; sourceTree = "<group>"; };
		0FDC299E27B12EFE00119213 /* Category.swift */ = {isa = PBXFileReference; lastKnownFileType = sourcecode.swift; path = Category.swift; sourceTree = "<group>"; };
		0FDC29A127B12F3600119213 /* CategoryViewModel.swift */ = {isa = PBXFileReference; lastKnownFileType = sourcecode.swift; path = CategoryViewModel.swift; sourceTree = "<group>"; };
		0FDC29A327B1359500119213 /* CategoryListViewController.swift */ = {isa = PBXFileReference; lastKnownFileType = sourcecode.swift; path = CategoryListViewController.swift; sourceTree = "<group>"; };
		2CE6CC95715B2B2A29189423 /* Pods-RemakeDaangnMarketStyleApp.debug.xcconfig */ = {isa = PBXFileReference; includeInIndex = 1; lastKnownFileType = text.xcconfig; name = "Pods-RemakeDaangnMarketStyleApp.debug.xcconfig"; path = "Target Support Files/Pods-RemakeDaangnMarketStyleApp/Pods-RemakeDaangnMarketStyleApp.debug.xcconfig"; sourceTree = "<group>"; };
		3ED2231E25F92D8E68B27241 /* Pods_RemakeDaangnMarketStyleApp.framework */ = {isa = PBXFileReference; explicitFileType = wrapper.framework; includeInIndex = 0; path = Pods_RemakeDaangnMarketStyleApp.framework; sourceTree = BUILT_PRODUCTS_DIR; };
		F3C04618C1B4BE7A13A9F513 /* Pods-RemakeDaangnMarketStyleApp.release.xcconfig */ = {isa = PBXFileReference; includeInIndex = 1; lastKnownFileType = text.xcconfig; name = "Pods-RemakeDaangnMarketStyleApp.release.xcconfig"; path = "Target Support Files/Pods-RemakeDaangnMarketStyleApp/Pods-RemakeDaangnMarketStyleApp.release.xcconfig"; sourceTree = "<group>"; };
/* End PBXFileReference section */

/* Begin PBXFrameworksBuildPhase section */
		0F28070927B1069300E22B99 /* Frameworks */ = {
			isa = PBXFrameworksBuildPhase;
			buildActionMask = 2147483647;
			files = (
				F5B15D46216B0ECD0A88413B /* Pods_RemakeDaangnMarketStyleApp.framework in Frameworks */,
			);
			runOnlyForDeploymentPostprocessing = 0;
		};
/* End PBXFrameworksBuildPhase section */

/* Begin PBXGroup section */
		083D12A8705F2D23D30C7896 /* Frameworks */ = {
			isa = PBXGroup;
			children = (
				3ED2231E25F92D8E68B27241 /* Pods_RemakeDaangnMarketStyleApp.framework */,
			);
			name = Frameworks;
			sourceTree = "<group>";
		};
		0F28070327B1069300E22B99 = {
			isa = PBXGroup;
			children = (
				0F28070E27B1069300E22B99 /* RemakeDaangnMarketStyleApp */,
				0F28070D27B1069300E22B99 /* Products */,
				2A9FEC3B031D2A48DA27A748 /* Pods */,
				083D12A8705F2D23D30C7896 /* Frameworks */,
			);
			sourceTree = "<group>";
		};
		0F28070D27B1069300E22B99 /* Products */ = {
			isa = PBXGroup;
			children = (
				0F28070C27B1069300E22B99 /* RemakeDaangnMarketStyleApp.app */,
			);
			name = Products;
			sourceTree = "<group>";
		};
		0F28070E27B1069300E22B99 /* RemakeDaangnMarketStyleApp */ = {
			isa = PBXGroup;
			children = (
				0F28070F27B1069300E22B99 /* AppDelegate.swift */,
				0F28071127B1069300E22B99 /* SceneDelegate.swift */,
				0FDC29A027B12F0100119213 /* Entity */,
				0FDC299827B1275900119213 /* MainViewController */,
				0F28071827B1069500E22B99 /* Assets.xcassets */,
				0F28071A27B1069500E22B99 /* LaunchScreen.storyboard */,
				0F28071D27B1069500E22B99 /* Info.plist */,
			);
			path = RemakeDaangnMarketStyleApp;
			sourceTree = "<group>";
		};
		0FCEE48727B17268002955CC /* PriceTextFieldCell */ = {
			isa = PBXGroup;
			children = (
				0FCEE48527B16EF9002955CC /* PriceTextFieldCell.swift */,
				0FCEE48327B16B04002955CC /* PriceTextFieldCellViewModel.swift */,
			);
			path = PriceTextFieldCell;
			sourceTree = "<group>";
		};
		0FDC299827B1275900119213 /* MainViewController */ = {
			isa = PBXGroup;
			children = (
				0FDC299427B10D5300119213 /* MainViewController.swift */,
				0FDC299627B10DA500119213 /* MainViewModel.swift */,
				0FDC299D27B1277900119213 /* TitleTextFieldCell */,
				0FDC29A527B13AD000119213 /* CategoryViewController */,
				0FCEE48727B17268002955CC /* PriceTextFieldCell */,
			);
			path = MainViewController;
			sourceTree = "<group>";
		};
		0FDC299D27B1277900119213 /* TitleTextFieldCell */ = {
			isa = PBXGroup;
			children = (
				0FDC299927B1276900119213 /* TitleTextFieldCell.swift */,
				0FDC299B27B1277400119213 /* TitleTextFieldCellViewModel.swift */,
			);
			path = TitleTextFieldCell;
			sourceTree = "<group>";
		};
		0FDC29A027B12F0100119213 /* Entity */ = {
			isa = PBXGroup;
			children = (
				0FDC299E27B12EFE00119213 /* Category.swift */,
			);
			path = Entity;
			sourceTree = "<group>";
		};
		0FDC29A527B13AD000119213 /* CategoryViewController */ = {
			isa = PBXGroup;
			children = (
				0FDC29A127B12F3600119213 /* CategoryViewModel.swift */,
				0FDC29A327B1359500119213 /* CategoryListViewController.swift */,
			);
			path = CategoryViewController;
			sourceTree = "<group>";
		};
		2A9FEC3B031D2A48DA27A748 /* Pods */ = {
			isa = PBXGroup;
			children = (
				2CE6CC95715B2B2A29189423 /* Pods-RemakeDaangnMarketStyleApp.debug.xcconfig */,
				F3C04618C1B4BE7A13A9F513 /* Pods-RemakeDaangnMarketStyleApp.release.xcconfig */,
			);
			path = Pods;
			sourceTree = "<group>";
		};
/* End PBXGroup section */

/* Begin PBXNativeTarget section */
		0F28070B27B1069300E22B99 /* RemakeDaangnMarketStyleApp */ = {
			isa = PBXNativeTarget;
			buildConfigurationList = 0F28072027B1069500E22B99 /* Build configuration list for PBXNativeTarget "RemakeDaangnMarketStyleApp" */;
			buildPhases = (
				4A07226CDC0DEA7E056342D6 /* [CP] Check Pods Manifest.lock */,
				0F28070827B1069300E22B99 /* Sources */,
				0F28070927B1069300E22B99 /* Frameworks */,
				0F28070A27B1069300E22B99 /* Resources */,
				064CCC1ADD2737AD407EAA62 /* [CP] Embed Pods Frameworks */,
			);
			buildRules = (
			);
			dependencies = (
			);
			name = RemakeDaangnMarketStyleApp;
			productName = RemakeDaangnMarketStyleApp;
			productReference = 0F28070C27B1069300E22B99 /* RemakeDaangnMarketStyleApp.app */;
			productType = "com.apple.product-type.application";
		};
/* End PBXNativeTarget section */

/* Begin PBXProject section */
		0F28070427B1069300E22B99 /* Project object */ = {
			isa = PBXProject;
			attributes = {
				BuildIndependentTargetsInParallel = 1;
				LastSwiftUpdateCheck = 1320;
				LastUpgradeCheck = 1320;
				TargetAttributes = {
					0F28070B27B1069300E22B99 = {
						CreatedOnToolsVersion = 13.2.1;
					};
				};
			};
			buildConfigurationList = 0F28070727B1069300E22B99 /* Build configuration list for PBXProject "RemakeDaangnMarketStyleApp" */;
			compatibilityVersion = "Xcode 13.0";
			developmentRegion = en;
			hasScannedForEncodings = 0;
			knownRegions = (
				en,
				Base,
			);
			mainGroup = 0F28070327B1069300E22B99;
			productRefGroup = 0F28070D27B1069300E22B99 /* Products */;
			projectDirPath = "";
			projectRoot = "";
			targets = (
				0F28070B27B1069300E22B99 /* RemakeDaangnMarketStyleApp */,
			);
		};
/* End PBXProject section */

/* Begin PBXResourcesBuildPhase section */
		0F28070A27B1069300E22B99 /* Resources */ = {
			isa = PBXResourcesBuildPhase;
			buildActionMask = 2147483647;
			files = (
				0F28071C27B1069500E22B99 /* LaunchScreen.storyboard in Resources */,
				0F28071927B1069500E22B99 /* Assets.xcassets in Resources */,
			);
			runOnlyForDeploymentPostprocessing = 0;
		};
/* End PBXResourcesBuildPhase section */

/* Begin PBXShellScriptBuildPhase section */
		064CCC1ADD2737AD407EAA62 /* [CP] Embed Pods Frameworks */ = {
			isa = PBXShellScriptBuildPhase;
			buildActionMask = 2147483647;
			files = (
			);
			inputFileListPaths = (
				"${PODS_ROOT}/Target Support Files/Pods-RemakeDaangnMarketStyleApp/Pods-RemakeDaangnMarketStyleApp-frameworks-${CONFIGURATION}-input-files.xcfilelist",
			);
			name = "[CP] Embed Pods Frameworks";
			outputFileListPaths = (
				"${PODS_ROOT}/Target Support Files/Pods-RemakeDaangnMarketStyleApp/Pods-RemakeDaangnMarketStyleApp-frameworks-${CONFIGURATION}-output-files.xcfilelist",
			);
			runOnlyForDeploymentPostprocessing = 0;
			shellPath = /bin/sh;
			shellScript = "\"${PODS_ROOT}/Target Support Files/Pods-RemakeDaangnMarketStyleApp/Pods-RemakeDaangnMarketStyleApp-frameworks.sh\"\n";
			showEnvVarsInLog = 0;
		};
		4A07226CDC0DEA7E056342D6 /* [CP] Check Pods Manifest.lock */ = {
			isa = PBXShellScriptBuildPhase;
			buildActionMask = 2147483647;
			files = (
			);
			inputFileListPaths = (
			);
			inputPaths = (
				"${PODS_PODFILE_DIR_PATH}/Podfile.lock",
				"${PODS_ROOT}/Manifest.lock",
			);
			name = "[CP] Check Pods Manifest.lock";
			outputFileListPaths = (
			);
			outputPaths = (
				"$(DERIVED_FILE_DIR)/Pods-RemakeDaangnMarketStyleApp-checkManifestLockResult.txt",
			);
			runOnlyForDeploymentPostprocessing = 0;
			shellPath = /bin/sh;
			shellScript = "diff \"${PODS_PODFILE_DIR_PATH}/Podfile.lock\" \"${PODS_ROOT}/Manifest.lock\" > /dev/null\nif [ $? != 0 ] ; then\n    # print error to STDERR\n    echo \"error: The sandbox is not in sync with the Podfile.lock. Run 'pod install' or update your CocoaPods installation.\" >&2\n    exit 1\nfi\n# This output is used by Xcode 'outputs' to avoid re-running this script phase.\necho \"SUCCESS\" > \"${SCRIPT_OUTPUT_FILE_0}\"\n";
			showEnvVarsInLog = 0;
		};
/* End PBXShellScriptBuildPhase section */

/* Begin PBXSourcesBuildPhase section */
		0F28070827B1069300E22B99 /* Sources */ = {
			isa = PBXSourcesBuildPhase;
			buildActionMask = 2147483647;
			files = (
				0FDC299527B10D5300119213 /* MainViewController.swift in Sources */,
				0FDC299C27B1277400119213 /* TitleTextFieldCellViewModel.swift in Sources */,
				0FCEE48427B16B04002955CC /* PriceTextFieldCellViewModel.swift in Sources */,
				0FDC29A427B1359500119213 /* CategoryListViewController.swift in Sources */,
				0F28071027B1069300E22B99 /* AppDelegate.swift in Sources */,
				0F28071227B1069300E22B99 /* SceneDelegate.swift in Sources */,
				0FCEE48627B16EF9002955CC /* PriceTextFieldCell.swift in Sources */,
				0FDC29A227B12F3600119213 /* CategoryViewModel.swift in Sources */,
				0FDC299A27B1276900119213 /* TitleTextFieldCell.swift in Sources */,
				0FDC299727B10DA500119213 /* MainViewModel.swift in Sources */,
				0FDC299F27B12EFE00119213 /* Category.swift in Sources */,
			);
			runOnlyForDeploymentPostprocessing = 0;
		};
/* End PBXSourcesBuildPhase section */

/* Begin PBXVariantGroup section */
		0F28071A27B1069500E22B99 /* LaunchScreen.storyboard */ = {
			isa = PBXVariantGroup;
			children = (
				0F28071B27B1069500E22B99 /* Base */,
			);
			name = LaunchScreen.storyboard;
			sourceTree = "<group>";
		};
/* End PBXVariantGroup section */

/* Begin XCBuildConfiguration section */
		0F28071E27B1069500E22B99 /* Debug */ = {
			isa = XCBuildConfiguration;
			buildSettings = {
				ALWAYS_SEARCH_USER_PATHS = NO;
				CLANG_ANALYZER_NONNULL = YES;
				CLANG_ANALYZER_NUMBER_OBJECT_CONVERSION = YES_AGGRESSIVE;
				CLANG_CXX_LANGUAGE_STANDARD = "gnu++17";
				CLANG_CXX_LIBRARY = "libc++";
				CLANG_ENABLE_MODULES = YES;
				CLANG_ENABLE_OBJC_ARC = YES;
				CLANG_ENABLE_OBJC_WEAK = YES;
				CLANG_WARN_BLOCK_CAPTURE_AUTORELEASING = YES;
				CLANG_WARN_BOOL_CONVERSION = YES;
				CLANG_WARN_COMMA = YES;
				CLANG_WARN_CONSTANT_CONVERSION = YES;
				CLANG_WARN_DEPRECATED_OBJC_IMPLEMENTATIONS = YES;
				CLANG_WARN_DIRECT_OBJC_ISA_USAGE = YES_ERROR;
				CLANG_WARN_DOCUMENTATION_COMMENTS = YES;
				CLANG_WARN_EMPTY_BODY = YES;
				CLANG_WARN_ENUM_CONVERSION = YES;
				CLANG_WARN_INFINITE_RECURSION = YES;
				CLANG_WARN_INT_CONVERSION = YES;
				CLANG_WARN_NON_LITERAL_NULL_CONVERSION = YES;
				CLANG_WARN_OBJC_IMPLICIT_RETAIN_SELF = YES;
				CLANG_WARN_OBJC_LITERAL_CONVERSION = YES;
				CLANG_WARN_OBJC_ROOT_CLASS = YES_ERROR;
				CLANG_WARN_QUOTED_INCLUDE_IN_FRAMEWORK_HEADER = YES;
				CLANG_WARN_RANGE_LOOP_ANALYSIS = YES;
				CLANG_WARN_STRICT_PROTOTYPES = YES;
				CLANG_WARN_SUSPICIOUS_MOVE = YES;
				CLANG_WARN_UNGUARDED_AVAILABILITY = YES_AGGRESSIVE;
				CLANG_WARN_UNREACHABLE_CODE = YES;
				CLANG_WARN__DUPLICATE_METHOD_MATCH = YES;
				COPY_PHASE_STRIP = NO;
				DEBUG_INFORMATION_FORMAT = dwarf;
				ENABLE_STRICT_OBJC_MSGSEND = YES;
				ENABLE_TESTABILITY = YES;
				GCC_C_LANGUAGE_STANDARD = gnu11;
				GCC_DYNAMIC_NO_PIC = NO;
				GCC_NO_COMMON_BLOCKS = YES;
				GCC_OPTIMIZATION_LEVEL = 0;
				GCC_PREPROCESSOR_DEFINITIONS = (
					"DEBUG=1",
					"$(inherited)",
				);
				GCC_WARN_64_TO_32_BIT_CONVERSION = YES;
				GCC_WARN_ABOUT_RETURN_TYPE = YES_ERROR;
				GCC_WARN_UNDECLARED_SELECTOR = YES;
				GCC_WARN_UNINITIALIZED_AUTOS = YES_AGGRESSIVE;
				GCC_WARN_UNUSED_FUNCTION = YES;
				GCC_WARN_UNUSED_VARIABLE = YES;
				IPHONEOS_DEPLOYMENT_TARGET = 15.0;
				MTL_ENABLE_DEBUG_INFO = INCLUDE_SOURCE;
				MTL_FAST_MATH = YES;
				ONLY_ACTIVE_ARCH = YES;
				SDKROOT = iphoneos;
				SWIFT_ACTIVE_COMPILATION_CONDITIONS = DEBUG;
				SWIFT_OPTIMIZATION_LEVEL = "-Onone";
			};
			name = Debug;
		};
		0F28071F27B1069500E22B99 /* Release */ = {
			isa = XCBuildConfiguration;
			buildSettings = {
				ALWAYS_SEARCH_USER_PATHS = NO;
				CLANG_ANALYZER_NONNULL = YES;
				CLANG_ANALYZER_NUMBER_OBJECT_CONVERSION = YES_AGGRESSIVE;
				CLANG_CXX_LANGUAGE_STANDARD = "gnu++17";
				CLANG_CXX_LIBRARY = "libc++";
				CLANG_ENABLE_MODULES = YES;
				CLANG_ENABLE_OBJC_ARC = YES;
				CLANG_ENABLE_OBJC_WEAK = YES;
				CLANG_WARN_BLOCK_CAPTURE_AUTORELEASING = YES;
				CLANG_WARN_BOOL_CONVERSION = YES;
				CLANG_WARN_COMMA = YES;
				CLANG_WARN_CONSTANT_CONVERSION = YES;
				CLANG_WARN_DEPRECATED_OBJC_IMPLEMENTATIONS = YES;
				CLANG_WARN_DIRECT_OBJC_ISA_USAGE = YES_ERROR;
				CLANG_WARN_DOCUMENTATION_COMMENTS = YES;
				CLANG_WARN_EMPTY_BODY = YES;
				CLANG_WARN_ENUM_CONVERSION = YES;
				CLANG_WARN_INFINITE_RECURSION = YES;
				CLANG_WARN_INT_CONVERSION = YES;
				CLANG_WARN_NON_LITERAL_NULL_CONVERSION = YES;
				CLANG_WARN_OBJC_IMPLICIT_RETAIN_SELF = YES;
				CLANG_WARN_OBJC_LITERAL_CONVERSION = YES;
				CLANG_WARN_OBJC_ROOT_CLASS = YES_ERROR;
				CLANG_WARN_QUOTED_INCLUDE_IN_FRAMEWORK_HEADER = YES;
				CLANG_WARN_RANGE_LOOP_ANALYSIS = YES;
				CLANG_WARN_STRICT_PROTOTYPES = YES;
				CLANG_WARN_SUSPICIOUS_MOVE = YES;
				CLANG_WARN_UNGUARDED_AVAILABILITY = YES_AGGRESSIVE;
				CLANG_WARN_UNREACHABLE_CODE = YES;
				CLANG_WARN__DUPLICATE_METHOD_MATCH = YES;
				COPY_PHASE_STRIP = NO;
				DEBUG_INFORMATION_FORMAT = "dwarf-with-dsym";
				ENABLE_NS_ASSERTIONS = NO;
				ENABLE_STRICT_OBJC_MSGSEND = YES;
				GCC_C_LANGUAGE_STANDARD = gnu11;
				GCC_NO_COMMON_BLOCKS = YES;
				GCC_WARN_64_TO_32_BIT_CONVERSION = YES;
				GCC_WARN_ABOUT_RETURN_TYPE = YES_ERROR;
				GCC_WARN_UNDECLARED_SELECTOR = YES;
				GCC_WARN_UNINITIALIZED_AUTOS = YES_AGGRESSIVE;
				GCC_WARN_UNUSED_FUNCTION = YES;
				GCC_WARN_UNUSED_VARIABLE = YES;
				IPHONEOS_DEPLOYMENT_TARGET = 15.0;
				MTL_ENABLE_DEBUG_INFO = NO;
				MTL_FAST_MATH = YES;
				SDKROOT = iphoneos;
				SWIFT_COMPILATION_MODE = wholemodule;
				SWIFT_OPTIMIZATION_LEVEL = "-O";
				VALIDATE_PRODUCT = YES;
			};
			name = Release;
		};
		0F28072127B1069500E22B99 /* Debug */ = {
			isa = XCBuildConfiguration;
			baseConfigurationReference = 2CE6CC95715B2B2A29189423 /* Pods-RemakeDaangnMarketStyleApp.debug.xcconfig */;
			buildSettings = {
				ASSETCATALOG_COMPILER_APPICON_NAME = AppIcon;
				ASSETCATALOG_COMPILER_GLOBAL_ACCENT_COLOR_NAME = AccentColor;
				CODE_SIGN_STYLE = Automatic;
				CURRENT_PROJECT_VERSION = 1;
				DEVELOPMENT_TEAM = J7MH5N2BKX;
				GENERATE_INFOPLIST_FILE = YES;
				INFOPLIST_FILE = RemakeDaangnMarketStyleApp/Info.plist;
				INFOPLIST_KEY_UIApplicationSupportsIndirectInputEvents = YES;
				INFOPLIST_KEY_UILaunchStoryboardName = LaunchScreen;
				INFOPLIST_KEY_UISupportedInterfaceOrientations_iPad = "UIInterfaceOrientationPortrait UIInterfaceOrientationPortraitUpsideDown UIInterfaceOrientationLandscapeLeft UIInterfaceOrientationLandscapeRight";
				INFOPLIST_KEY_UISupportedInterfaceOrientations_iPhone = "UIInterfaceOrientationPortrait UIInterfaceOrientationLandscapeLeft UIInterfaceOrientationLandscapeRight";
				IPHONEOS_DEPLOYMENT_TARGET = 15.0;
				LD_RUNPATH_SEARCH_PATHS = (
					"$(inherited)",
					"@executable_path/Frameworks",
				);
				MARKETING_VERSION = 1.0;
				PRODUCT_BUNDLE_IDENTIFIER = com.byougil.youn.RemakeDaangnMarketStyleApp;
				PRODUCT_NAME = "$(TARGET_NAME)";
				SWIFT_EMIT_LOC_STRINGS = YES;
				SWIFT_VERSION = 5.0;
				TARGETED_DEVICE_FAMILY = "1,2";
			};
			name = Debug;
		};
		0F28072227B1069500E22B99 /* Release */ = {
			isa = XCBuildConfiguration;
			baseConfigurationReference = F3C04618C1B4BE7A13A9F513 /* Pods-RemakeDaangnMarketStyleApp.release.xcconfig */;
			buildSettings = {
				ASSETCATALOG_COMPILER_APPICON_NAME = AppIcon;
				ASSETCATALOG_COMPILER_GLOBAL_ACCENT_COLOR_NAME = AccentColor;
				CODE_SIGN_STYLE = Automatic;
				CURRENT_PROJECT_VERSION = 1;
				DEVELOPMENT_TEAM = J7MH5N2BKX;
				GENERATE_INFOPLIST_FILE = YES;
				INFOPLIST_FILE = RemakeDaangnMarketStyleApp/Info.plist;
				INFOPLIST_KEY_UIApplicationSupportsIndirectInputEvents = YES;
				INFOPLIST_KEY_UILaunchStoryboardName = LaunchScreen;
				INFOPLIST_KEY_UISupportedInterfaceOrientations_iPad = "UIInterfaceOrientationPortrait UIInterfaceOrientationPortraitUpsideDown UIInterfaceOrientationLandscapeLeft UIInterfaceOrientationLandscapeRight";
				INFOPLIST_KEY_UISupportedInterfaceOrientations_iPhone = "UIInterfaceOrientationPortrait UIInterfaceOrientationLandscapeLeft UIInterfaceOrientationLandscapeRight";
				IPHONEOS_DEPLOYMENT_TARGET = 15.0;
				LD_RUNPATH_SEARCH_PATHS = (
					"$(inherited)",
					"@executable_path/Frameworks",
				);
				MARKETING_VERSION = 1.0;
				PRODUCT_BUNDLE_IDENTIFIER = com.byougil.youn.RemakeDaangnMarketStyleApp;
				PRODUCT_NAME = "$(TARGET_NAME)";
				SWIFT_EMIT_LOC_STRINGS = YES;
				SWIFT_VERSION = 5.0;
				TARGETED_DEVICE_FAMILY = "1,2";
			};
			name = Release;
		};
/* End XCBuildConfiguration section */

/* Begin XCConfigurationList section */
		0F28070727B1069300E22B99 /* Build configuration list for PBXProject "RemakeDaangnMarketStyleApp" */ = {
			isa = XCConfigurationList;
			buildConfigurations = (
				0F28071E27B1069500E22B99 /* Debug */,
				0F28071F27B1069500E22B99 /* Release */,
			);
			defaultConfigurationIsVisible = 0;
			defaultConfigurationName = Release;
		};
		0F28072027B1069500E22B99 /* Build configuration list for PBXNativeTarget "RemakeDaangnMarketStyleApp" */ = {
			isa = XCConfigurationList;
			buildConfigurations = (
				0F28072127B1069500E22B99 /* Debug */,
				0F28072227B1069500E22B99 /* Release */,
			);
			defaultConfigurationIsVisible = 0;
			defaultConfigurationName = Release;
		};
/* End XCConfigurationList section */
	};
	rootObject = 0F28070427B1069300E22B99 /* Project object */;
}
